// !$*UTF8*$!
{
	archiveVersion = 1;
	classes = {
	};
	objectVersion = 51;
	objects = {

/* Begin PBXBuildFile section */
		199E8431646A3AF7AC9A76C1 /* Pods_Cowin.framework in Frameworks */ = {isa = PBXBuildFile; fileRef = 982918DFD9BA9E45C2872B80 /* Pods_Cowin.framework */; };
		6E1D5ED126591B3D00F9EDD0 /* CWMainBasePageController.swift in Sources */ = {isa = PBXBuildFile; fileRef = 6E1D5ED026591B3D00F9EDD0 /* CWMainBasePageController.swift */; };
		6E1D5ED42659213200F9EDD0 /* CWBaseTabViewConfiguration.swift in Sources */ = {isa = PBXBuildFile; fileRef = 6E1D5ED32659213200F9EDD0 /* CWBaseTabViewConfiguration.swift */; };
		6E1D5ED7265923D700F9EDD0 /* CWMainBaseController.swift in Sources */ = {isa = PBXBuildFile; fileRef = 6E1D5ED6265923D700F9EDD0 /* CWMainBaseController.swift */; };
		6E1D5ED92659243C00F9EDD0 /* CWMainBaseControllerConfiguration.swift in Sources */ = {isa = PBXBuildFile; fileRef = 6E1D5ED82659243C00F9EDD0 /* CWMainBaseControllerConfiguration.swift */; };
		6E1D5F942659316000F9EDD0 /* CWStyle.swift in Sources */ = {isa = PBXBuildFile; fileRef = 6E1D5F932659316000F9EDD0 /* CWStyle.swift */; };
		6E1D5F9D26593EDE00F9EDD0 /* CWMainBaseTabView.xib in Resources */ = {isa = PBXBuildFile; fileRef = 6E1D5F9C26593EDE00F9EDD0 /* CWMainBaseTabView.xib */; };
		6E1D5F9F26593FBC00F9EDD0 /* CWMainBaseTabView.swift in Sources */ = {isa = PBXBuildFile; fileRef = 6E1D5F9E26593FBC00F9EDD0 /* CWMainBaseTabView.swift */; };
		6E703EC426596DB100CAFDD1 /* CWMainBaseTabViewCell.swift in Sources */ = {isa = PBXBuildFile; fileRef = 6E703EC226596DB100CAFDD1 /* CWMainBaseTabViewCell.swift */; };
		6E703EC526596DB100CAFDD1 /* CWMainBaseTabViewCell.xib in Resources */ = {isa = PBXBuildFile; fileRef = 6E703EC326596DB100CAFDD1 /* CWMainBaseTabViewCell.xib */; };
		E34502D6265A82F800EFA6BE /* CWSearchSlotConfiguration.swift in Sources */ = {isa = PBXBuildFile; fileRef = E34502CE265A82F800EFA6BE /* CWSearchSlotConfiguration.swift */; };
		E34502D7265A82F800EFA6BE /* CWSearchSlotPresenter.swift in Sources */ = {isa = PBXBuildFile; fileRef = E34502CF265A82F800EFA6BE /* CWSearchSlotPresenter.swift */; };
		E34502D8265A82F800EFA6BE /* CWSearchSlotRouter.swift in Sources */ = {isa = PBXBuildFile; fileRef = E34502D0265A82F800EFA6BE /* CWSearchSlotRouter.swift */; };
		E34502D9265A82F800EFA6BE /* CWSearchSlotViewController.swift in Sources */ = {isa = PBXBuildFile; fileRef = E34502D1265A82F800EFA6BE /* CWSearchSlotViewController.swift */; };
		E34502DA265A82F800EFA6BE /* CWSearchSlotInteractor.swift in Sources */ = {isa = PBXBuildFile; fileRef = E34502D2265A82F800EFA6BE /* CWSearchSlotInteractor.swift */; };
		E34502DD265A82F800EFA6BE /* CWSearchSlotManager.swift in Sources */ = {isa = PBXBuildFile; fileRef = E34502D5265A82F800EFA6BE /* CWSearchSlotManager.swift */; };
		E3685405265A2333008335A1 /* CWLoginEmptyDataCell.swift in Sources */ = {isa = PBXBuildFile; fileRef = E3685403265A2333008335A1 /* CWLoginEmptyDataCell.swift */; };
		E3685406265A2333008335A1 /* CWLoginEmptyDataCell.xib in Resources */ = {isa = PBXBuildFile; fileRef = E3685404265A2333008335A1 /* CWLoginEmptyDataCell.xib */; };
		E3685409265A3AC2008335A1 /* CWMembersDataCell.swift in Sources */ = {isa = PBXBuildFile; fileRef = E3685407265A3AC2008335A1 /* CWMembersDataCell.swift */; };
		E368540A265A3AC2008335A1 /* CWMembersDataCell.xib in Resources */ = {isa = PBXBuildFile; fileRef = E3685408265A3AC2008335A1 /* CWMembersDataCell.xib */; };
		E368540D265A43B9008335A1 /* CWUserDefaultManager.swift in Sources */ = {isa = PBXBuildFile; fileRef = E368540C265A43B9008335A1 /* CWUserDefaultManager.swift */; };
		E3685417265A4ACC008335A1 /* CWAddMemberConfiguration.swift in Sources */ = {isa = PBXBuildFile; fileRef = E368540F265A4ACC008335A1 /* CWAddMemberConfiguration.swift */; };
		E3685418265A4ACC008335A1 /* CWAddMemberPresenter.swift in Sources */ = {isa = PBXBuildFile; fileRef = E3685410265A4ACC008335A1 /* CWAddMemberPresenter.swift */; };
		E3685419265A4ACC008335A1 /* CWAddMemberRouter.swift in Sources */ = {isa = PBXBuildFile; fileRef = E3685411265A4ACC008335A1 /* CWAddMemberRouter.swift */; };
		E368541A265A4ACC008335A1 /* CWAddMemberViewController.swift in Sources */ = {isa = PBXBuildFile; fileRef = E3685412265A4ACC008335A1 /* CWAddMemberViewController.swift */; };
		E368541B265A4ACC008335A1 /* CWAddMemberInteractor.swift in Sources */ = {isa = PBXBuildFile; fileRef = E3685413265A4ACC008335A1 /* CWAddMemberInteractor.swift */; };
		E368541E265A4ACC008335A1 /* CWAddMemberManager.swift in Sources */ = {isa = PBXBuildFile; fileRef = E3685416265A4ACC008335A1 /* CWAddMemberManager.swift */; };
		E3685425265A4E97008335A1 /* CWAddMemberCell.swift in Sources */ = {isa = PBXBuildFile; fileRef = E3685423265A4E97008335A1 /* CWAddMemberCell.swift */; };
		E3685426265A4E97008335A1 /* CWAddMemberCell.xib in Resources */ = {isa = PBXBuildFile; fileRef = E3685424265A4E97008335A1 /* CWAddMemberCell.xib */; };
		E3685429265A57FF008335A1 /* CWSubmitCell.swift in Sources */ = {isa = PBXBuildFile; fileRef = E3685427265A57FF008335A1 /* CWSubmitCell.swift */; };
		E368542A265A57FF008335A1 /* CWSubmitCell.xib in Resources */ = {isa = PBXBuildFile; fileRef = E3685428265A57FF008335A1 /* CWSubmitCell.xib */; };
		E368542D265A5AFA008335A1 /* CWGenderCell.swift in Sources */ = {isa = PBXBuildFile; fileRef = E368542B265A5AFA008335A1 /* CWGenderCell.swift */; };
		E368542E265A5AFA008335A1 /* CWGenderCell.xib in Resources */ = {isa = PBXBuildFile; fileRef = E368542C265A5AFA008335A1 /* CWGenderCell.xib */; };
		E3763AAE2659518700D25470 /* CWOnboardChildViewController.swift in Sources */ = {isa = PBXBuildFile; fileRef = E3763AAD2659518700D25470 /* CWOnboardChildViewController.swift */; };
		E3763AB02659654A00D25470 /* OnBoard.storyboard in Resources */ = {isa = PBXBuildFile; fileRef = E3763AAF2659654A00D25470 /* OnBoard.storyboard */; };
		E3763AB3265976F800D25470 /* CWStringContant.swift in Sources */ = {isa = PBXBuildFile; fileRef = E3763AB2265976F800D25470 /* CWStringContant.swift */; };
		E3763ABA265979A900D25470 /* CWFonts.swift in Sources */ = {isa = PBXBuildFile; fileRef = E3763AB9265979A900D25470 /* CWFonts.swift */; };
		E3763AC0265980A700D25470 /* icomoon.ttf in Resources */ = {isa = PBXBuildFile; fileRef = E3763ABF265980A700D25470 /* icomoon.ttf */; };
		E3BDB66A2657F68200DC74AE /* CWOnboardConfiguration.swift in Sources */ = {isa = PBXBuildFile; fileRef = E3BDB6622657F68200DC74AE /* CWOnboardConfiguration.swift */; };
		E3BDB66B2657F68200DC74AE /* CWOnboardPresenter.swift in Sources */ = {isa = PBXBuildFile; fileRef = E3BDB6632657F68200DC74AE /* CWOnboardPresenter.swift */; };
		E3BDB66C2657F68200DC74AE /* CWOnboardRouter.swift in Sources */ = {isa = PBXBuildFile; fileRef = E3BDB6642657F68200DC74AE /* CWOnboardRouter.swift */; };
		E3BDB66D2657F68200DC74AE /* CWOnboardViewController.swift in Sources */ = {isa = PBXBuildFile; fileRef = E3BDB6652657F68200DC74AE /* CWOnboardViewController.swift */; };
		E3BDB66E2657F68200DC74AE /* CWOnboardInteractor.swift in Sources */ = {isa = PBXBuildFile; fileRef = E3BDB6662657F68200DC74AE /* CWOnboardInteractor.swift */; };
		E3BDB6712657F68200DC74AE /* CWOnboardManager.swift in Sources */ = {isa = PBXBuildFile; fileRef = E3BDB6692657F68200DC74AE /* CWOnboardManager.swift */; };
		E3BDB6762657F73D00DC74AE /* CWUtility.swift in Sources */ = {isa = PBXBuildFile; fileRef = E3BDB6752657F73D00DC74AE /* CWUtility.swift */; };
		E3BDB6782657F77F00DC74AE /* AppDelegate+Extension.swift in Sources */ = {isa = PBXBuildFile; fileRef = E3BDB6772657F77F00DC74AE /* AppDelegate+Extension.swift */; };
		E3E6B118265784C000CB39CC /* AppDelegate.swift in Sources */ = {isa = PBXBuildFile; fileRef = E3E6B117265784C000CB39CC /* AppDelegate.swift */; };
		E3E6B11F265784C000CB39CC /* Main.storyboard in Resources */ = {isa = PBXBuildFile; fileRef = E3E6B11D265784C000CB39CC /* Main.storyboard */; };
		E3E6B122265784C000CB39CC /* Cowin.xcdatamodeld in Sources */ = {isa = PBXBuildFile; fileRef = E3E6B120265784C000CB39CC /* Cowin.xcdatamodeld */; };
		E3E6B124265784C200CB39CC /* Assets.xcassets in Resources */ = {isa = PBXBuildFile; fileRef = E3E6B123265784C200CB39CC /* Assets.xcassets */; };
		E3E6B127265784C300CB39CC /* LaunchScreen.storyboard in Resources */ = {isa = PBXBuildFile; fileRef = E3E6B125265784C300CB39CC /* LaunchScreen.storyboard */; };
		E3EDA5382658E88500E9943D /* OTPLoginConfiguration.swift in Sources */ = {isa = PBXBuildFile; fileRef = E3EDA5302658E88500E9943D /* OTPLoginConfiguration.swift */; };
		E3EDA5392658E88500E9943D /* OTPLoginPresenter.swift in Sources */ = {isa = PBXBuildFile; fileRef = E3EDA5312658E88500E9943D /* OTPLoginPresenter.swift */; };
		E3EDA53A2658E88500E9943D /* OTPLoginRouter.swift in Sources */ = {isa = PBXBuildFile; fileRef = E3EDA5322658E88500E9943D /* OTPLoginRouter.swift */; };
		E3EDA53B2658E88500E9943D /* OTPLoginViewController.swift in Sources */ = {isa = PBXBuildFile; fileRef = E3EDA5332658E88500E9943D /* OTPLoginViewController.swift */; };
		E3EDA53C2658E88500E9943D /* OTPLoginInteractor.swift in Sources */ = {isa = PBXBuildFile; fileRef = E3EDA5342658E88500E9943D /* OTPLoginInteractor.swift */; };
		E3EDA53F2658E88500E9943D /* OTPLoginManager.swift in Sources */ = {isa = PBXBuildFile; fileRef = E3EDA5372658E88500E9943D /* OTPLoginManager.swift */; };
		E3EDA5442658EA7900E9943D /* Login.storyboard in Resources */ = {isa = PBXBuildFile; fileRef = E3EDA5432658EA7900E9943D /* Login.storyboard */; };
		E3EDA546265904E000E9943D /* CWOnboardPageViewController.swift in Sources */ = {isa = PBXBuildFile; fileRef = E3EDA545265904E000E9943D /* CWOnboardPageViewController.swift */; };
		E3EDA549265907A400E9943D /* CWOnboardContentView.swift in Sources */ = {isa = PBXBuildFile; fileRef = E3EDA548265907A400E9943D /* CWOnboardContentView.swift */; };
		E3EDA54B265907AA00E9943D /* CWOnboardContentView.xib in Resources */ = {isa = PBXBuildFile; fileRef = E3EDA54A265907AA00E9943D /* CWOnboardContentView.xib */; };
		E3EDA54D2659083200E9943D /* CWViewUtils.swift in Sources */ = {isa = PBXBuildFile; fileRef = E3EDA54C2659083200E9943D /* CWViewUtils.swift */; };
		E3EDA55126590ECD00E9943D /* CWBaseTabViewController.swift in Sources */ = {isa = PBXBuildFile; fileRef = E3EDA55026590ECD00E9943D /* CWBaseTabViewController.swift */; };
		E3EDA55326590F4A00E9943D /* CWBaseTabViewModel.swift in Sources */ = {isa = PBXBuildFile; fileRef = E3EDA55226590F4A00E9943D /* CWBaseTabViewModel.swift */; };
		E3EDA55D26590F7C00E9943D /* CWHomeConfiguration.swift in Sources */ = {isa = PBXBuildFile; fileRef = E3EDA55526590F7C00E9943D /* CWHomeConfiguration.swift */; };
		E3EDA55E26590F7C00E9943D /* CWHomePresenter.swift in Sources */ = {isa = PBXBuildFile; fileRef = E3EDA55626590F7C00E9943D /* CWHomePresenter.swift */; };
		E3EDA55F26590F7C00E9943D /* CWHomeRouter.swift in Sources */ = {isa = PBXBuildFile; fileRef = E3EDA55726590F7C00E9943D /* CWHomeRouter.swift */; };
		E3EDA56026590F7C00E9943D /* CWHomeViewController.swift in Sources */ = {isa = PBXBuildFile; fileRef = E3EDA55826590F7C00E9943D /* CWHomeViewController.swift */; };
		E3EDA56126590F7C00E9943D /* CWHomeInteractor.swift in Sources */ = {isa = PBXBuildFile; fileRef = E3EDA55926590F7C00E9943D /* CWHomeInteractor.swift */; };
		E3EDA56426590F7C00E9943D /* CWHomeManager.swift in Sources */ = {isa = PBXBuildFile; fileRef = E3EDA55C26590F7C00E9943D /* CWHomeManager.swift */; };
		E3EDA56E26590FAC00E9943D /* CWStatsConfiguration.swift in Sources */ = {isa = PBXBuildFile; fileRef = E3EDA56626590FAC00E9943D /* CWStatsConfiguration.swift */; };
		E3EDA56F26590FAC00E9943D /* CWStatsPresenter.swift in Sources */ = {isa = PBXBuildFile; fileRef = E3EDA56726590FAC00E9943D /* CWStatsPresenter.swift */; };
		E3EDA57026590FAC00E9943D /* CWStatsRouter.swift in Sources */ = {isa = PBXBuildFile; fileRef = E3EDA56826590FAC00E9943D /* CWStatsRouter.swift */; };
		E3EDA57126590FAC00E9943D /* CWStatsViewController.swift in Sources */ = {isa = PBXBuildFile; fileRef = E3EDA56926590FAC00E9943D /* CWStatsViewController.swift */; };
		E3EDA57226590FAC00E9943D /* CWStatsInteractor.swift in Sources */ = {isa = PBXBuildFile; fileRef = E3EDA56A26590FAC00E9943D /* CWStatsInteractor.swift */; };
		E3EDA57526590FAC00E9943D /* CWStatsManager.swift in Sources */ = {isa = PBXBuildFile; fileRef = E3EDA56D26590FAC00E9943D /* CWStatsManager.swift */; };
		E3EDA57F26590FD500E9943D /* CWBookingConfiguration.swift in Sources */ = {isa = PBXBuildFile; fileRef = E3EDA57726590FD500E9943D /* CWBookingConfiguration.swift */; };
		E3EDA58026590FD500E9943D /* CWBookingPresenter.swift in Sources */ = {isa = PBXBuildFile; fileRef = E3EDA57826590FD500E9943D /* CWBookingPresenter.swift */; };
		E3EDA58126590FD500E9943D /* CWBookingRouter.swift in Sources */ = {isa = PBXBuildFile; fileRef = E3EDA57926590FD500E9943D /* CWBookingRouter.swift */; };
		E3EDA58226590FD500E9943D /* CWBookingViewController.swift in Sources */ = {isa = PBXBuildFile; fileRef = E3EDA57A26590FD500E9943D /* CWBookingViewController.swift */; };
		E3EDA58326590FD500E9943D /* CWBookingInteractor.swift in Sources */ = {isa = PBXBuildFile; fileRef = E3EDA57B26590FD500E9943D /* CWBookingInteractor.swift */; };
		E3EDA58626590FD500E9943D /* CWBookingManager.swift in Sources */ = {isa = PBXBuildFile; fileRef = E3EDA57E26590FD500E9943D /* CWBookingManager.swift */; };
		E3EDA5902659100400E9943D /* CWProfileConfiguration.swift in Sources */ = {isa = PBXBuildFile; fileRef = E3EDA5882659100400E9943D /* CWProfileConfiguration.swift */; };
		E3EDA5912659100400E9943D /* CWProfilePresenter.swift in Sources */ = {isa = PBXBuildFile; fileRef = E3EDA5892659100400E9943D /* CWProfilePresenter.swift */; };
		E3EDA5922659100400E9943D /* CWProfileRouter.swift in Sources */ = {isa = PBXBuildFile; fileRef = E3EDA58A2659100400E9943D /* CWProfileRouter.swift */; };
		E3EDA5932659100400E9943D /* CWProfileViewController.swift in Sources */ = {isa = PBXBuildFile; fileRef = E3EDA58B2659100400E9943D /* CWProfileViewController.swift */; };
		E3EDA5942659100400E9943D /* CWProfileInteractor.swift in Sources */ = {isa = PBXBuildFile; fileRef = E3EDA58C2659100400E9943D /* CWProfileInteractor.swift */; };
		E3EDA5972659100400E9943D /* CWProfileManager.swift in Sources */ = {isa = PBXBuildFile; fileRef = E3EDA58F2659100400E9943D /* CWProfileManager.swift */; };
		E3EDA59B265910E500E9943D /* Home.storyboard in Resources */ = {isa = PBXBuildFile; fileRef = E3EDA59A265910E500E9943D /* Home.storyboard */; };
		E3EDA59D2659111100E9943D /* Stats.storyboard in Resources */ = {isa = PBXBuildFile; fileRef = E3EDA59C2659111100E9943D /* Stats.storyboard */; };
		E3EDA59F2659114600E9943D /* Booking.storyboard in Resources */ = {isa = PBXBuildFile; fileRef = E3EDA59E2659114600E9943D /* Booking.storyboard */; };
		E3EDA5A12659116F00E9943D /* Profile.storyboard in Resources */ = {isa = PBXBuildFile; fileRef = E3EDA5A02659116F00E9943D /* Profile.storyboard */; };
/* End PBXBuildFile section */

/* Begin PBXContainerItemProxy section */
		E3E6B12E265784C300CB39CC /* PBXContainerItemProxy */ = {
			isa = PBXContainerItemProxy;
			containerPortal = E3E6B10C265784C000CB39CC /* Project object */;
			proxyType = 1;
			remoteGlobalIDString = E3E6B113265784C000CB39CC;
			remoteInfo = Cowin;
		};
		E3E6B139265784C300CB39CC /* PBXContainerItemProxy */ = {
			isa = PBXContainerItemProxy;
			containerPortal = E3E6B10C265784C000CB39CC /* Project object */;
			proxyType = 1;
			remoteGlobalIDString = E3E6B113265784C000CB39CC;
			remoteInfo = Cowin;
		};
/* End PBXContainerItemProxy section */

/* Begin PBXFileReference section */
		0156BB6C4EFC1473B20A4709 /* Pods-Cowin.debug.xcconfig */ = {isa = PBXFileReference; includeInIndex = 1; lastKnownFileType = text.xcconfig; name = "Pods-Cowin.debug.xcconfig"; path = "Target Support Files/Pods-Cowin/Pods-Cowin.debug.xcconfig"; sourceTree = "<group>"; };
		6E1D5ED026591B3D00F9EDD0 /* CWMainBasePageController.swift */ = {isa = PBXFileReference; lastKnownFileType = sourcecode.swift; path = CWMainBasePageController.swift; sourceTree = "<group>"; };
		6E1D5ED32659213200F9EDD0 /* CWBaseTabViewConfiguration.swift */ = {isa = PBXFileReference; lastKnownFileType = sourcecode.swift; path = CWBaseTabViewConfiguration.swift; sourceTree = "<group>"; };
		6E1D5ED6265923D700F9EDD0 /* CWMainBaseController.swift */ = {isa = PBXFileReference; lastKnownFileType = sourcecode.swift; path = CWMainBaseController.swift; sourceTree = "<group>"; };
		6E1D5ED82659243C00F9EDD0 /* CWMainBaseControllerConfiguration.swift */ = {isa = PBXFileReference; lastKnownFileType = sourcecode.swift; path = CWMainBaseControllerConfiguration.swift; sourceTree = "<group>"; };
		6E1D5F932659316000F9EDD0 /* CWStyle.swift */ = {isa = PBXFileReference; lastKnownFileType = sourcecode.swift; path = CWStyle.swift; sourceTree = "<group>"; };
		6E1D5F9C26593EDE00F9EDD0 /* CWMainBaseTabView.xib */ = {isa = PBXFileReference; lastKnownFileType = file.xib; path = CWMainBaseTabView.xib; sourceTree = "<group>"; };
		6E1D5F9E26593FBC00F9EDD0 /* CWMainBaseTabView.swift */ = {isa = PBXFileReference; lastKnownFileType = sourcecode.swift; path = CWMainBaseTabView.swift; sourceTree = "<group>"; };
		6E703EC226596DB100CAFDD1 /* CWMainBaseTabViewCell.swift */ = {isa = PBXFileReference; lastKnownFileType = sourcecode.swift; path = CWMainBaseTabViewCell.swift; sourceTree = "<group>"; };
		6E703EC326596DB100CAFDD1 /* CWMainBaseTabViewCell.xib */ = {isa = PBXFileReference; lastKnownFileType = file.xib; path = CWMainBaseTabViewCell.xib; sourceTree = "<group>"; };
		982918DFD9BA9E45C2872B80 /* Pods_Cowin.framework */ = {isa = PBXFileReference; explicitFileType = wrapper.framework; includeInIndex = 0; path = Pods_Cowin.framework; sourceTree = BUILT_PRODUCTS_DIR; };
		BBBAA42F9241AD97FF5ABFFB /* Pods-Cowin.release.xcconfig */ = {isa = PBXFileReference; includeInIndex = 1; lastKnownFileType = text.xcconfig; name = "Pods-Cowin.release.xcconfig"; path = "Target Support Files/Pods-Cowin/Pods-Cowin.release.xcconfig"; sourceTree = "<group>"; };
		E34502CE265A82F800EFA6BE /* CWSearchSlotConfiguration.swift */ = {isa = PBXFileReference; lastKnownFileType = sourcecode.swift; path = CWSearchSlotConfiguration.swift; sourceTree = "<group>"; };
		E34502CF265A82F800EFA6BE /* CWSearchSlotPresenter.swift */ = {isa = PBXFileReference; lastKnownFileType = sourcecode.swift; path = CWSearchSlotPresenter.swift; sourceTree = "<group>"; };
		E34502D0265A82F800EFA6BE /* CWSearchSlotRouter.swift */ = {isa = PBXFileReference; lastKnownFileType = sourcecode.swift; path = CWSearchSlotRouter.swift; sourceTree = "<group>"; };
		E34502D1265A82F800EFA6BE /* CWSearchSlotViewController.swift */ = {isa = PBXFileReference; lastKnownFileType = sourcecode.swift; path = CWSearchSlotViewController.swift; sourceTree = "<group>"; };
		E34502D2265A82F800EFA6BE /* CWSearchSlotInteractor.swift */ = {isa = PBXFileReference; lastKnownFileType = sourcecode.swift; path = CWSearchSlotInteractor.swift; sourceTree = "<group>"; };
		E34502D5265A82F800EFA6BE /* CWSearchSlotManager.swift */ = {isa = PBXFileReference; lastKnownFileType = sourcecode.swift; path = CWSearchSlotManager.swift; sourceTree = "<group>"; };
		E3685403265A2333008335A1 /* CWLoginEmptyDataCell.swift */ = {isa = PBXFileReference; lastKnownFileType = sourcecode.swift; path = CWLoginEmptyDataCell.swift; sourceTree = "<group>"; };
		E3685404265A2333008335A1 /* CWLoginEmptyDataCell.xib */ = {isa = PBXFileReference; lastKnownFileType = file.xib; path = CWLoginEmptyDataCell.xib; sourceTree = "<group>"; };
		E3685407265A3AC2008335A1 /* CWMembersDataCell.swift */ = {isa = PBXFileReference; lastKnownFileType = sourcecode.swift; path = CWMembersDataCell.swift; sourceTree = "<group>"; };
		E3685408265A3AC2008335A1 /* CWMembersDataCell.xib */ = {isa = PBXFileReference; lastKnownFileType = file.xib; path = CWMembersDataCell.xib; sourceTree = "<group>"; };
		E368540C265A43B9008335A1 /* CWUserDefaultManager.swift */ = {isa = PBXFileReference; lastKnownFileType = sourcecode.swift; path = CWUserDefaultManager.swift; sourceTree = "<group>"; };
		E368540F265A4ACC008335A1 /* CWAddMemberConfiguration.swift */ = {isa = PBXFileReference; lastKnownFileType = sourcecode.swift; path = CWAddMemberConfiguration.swift; sourceTree = "<group>"; };
		E3685410265A4ACC008335A1 /* CWAddMemberPresenter.swift */ = {isa = PBXFileReference; lastKnownFileType = sourcecode.swift; path = CWAddMemberPresenter.swift; sourceTree = "<group>"; };
		E3685411265A4ACC008335A1 /* CWAddMemberRouter.swift */ = {isa = PBXFileReference; lastKnownFileType = sourcecode.swift; path = CWAddMemberRouter.swift; sourceTree = "<group>"; };
		E3685412265A4ACC008335A1 /* CWAddMemberViewController.swift */ = {isa = PBXFileReference; lastKnownFileType = sourcecode.swift; path = CWAddMemberViewController.swift; sourceTree = "<group>"; };
		E3685413265A4ACC008335A1 /* CWAddMemberInteractor.swift */ = {isa = PBXFileReference; lastKnownFileType = sourcecode.swift; path = CWAddMemberInteractor.swift; sourceTree = "<group>"; };
		E3685416265A4ACC008335A1 /* CWAddMemberManager.swift */ = {isa = PBXFileReference; lastKnownFileType = sourcecode.swift; path = CWAddMemberManager.swift; sourceTree = "<group>"; };
		E3685423265A4E97008335A1 /* CWAddMemberCell.swift */ = {isa = PBXFileReference; lastKnownFileType = sourcecode.swift; path = CWAddMemberCell.swift; sourceTree = "<group>"; };
		E3685424265A4E97008335A1 /* CWAddMemberCell.xib */ = {isa = PBXFileReference; lastKnownFileType = file.xib; path = CWAddMemberCell.xib; sourceTree = "<group>"; };
		E3685427265A57FF008335A1 /* CWSubmitCell.swift */ = {isa = PBXFileReference; lastKnownFileType = sourcecode.swift; path = CWSubmitCell.swift; sourceTree = "<group>"; };
		E3685428265A57FF008335A1 /* CWSubmitCell.xib */ = {isa = PBXFileReference; lastKnownFileType = file.xib; path = CWSubmitCell.xib; sourceTree = "<group>"; };
		E368542B265A5AFA008335A1 /* CWGenderCell.swift */ = {isa = PBXFileReference; lastKnownFileType = sourcecode.swift; path = CWGenderCell.swift; sourceTree = "<group>"; };
		E368542C265A5AFA008335A1 /* CWGenderCell.xib */ = {isa = PBXFileReference; lastKnownFileType = file.xib; path = CWGenderCell.xib; sourceTree = "<group>"; };
		E3763AAD2659518700D25470 /* CWOnboardChildViewController.swift */ = {isa = PBXFileReference; lastKnownFileType = sourcecode.swift; path = CWOnboardChildViewController.swift; sourceTree = "<group>"; };
		E3763AAF2659654A00D25470 /* OnBoard.storyboard */ = {isa = PBXFileReference; lastKnownFileType = file.storyboard; path = OnBoard.storyboard; sourceTree = "<group>"; };
		E3763AB2265976F800D25470 /* CWStringContant.swift */ = {isa = PBXFileReference; lastKnownFileType = sourcecode.swift; path = CWStringContant.swift; sourceTree = "<group>"; };
		E3763AB9265979A900D25470 /* CWFonts.swift */ = {isa = PBXFileReference; lastKnownFileType = sourcecode.swift; path = CWFonts.swift; sourceTree = "<group>"; };
		E3763ABF265980A700D25470 /* icomoon.ttf */ = {isa = PBXFileReference; lastKnownFileType = file; path = icomoon.ttf; sourceTree = "<group>"; };
		E3BDB6622657F68200DC74AE /* CWOnboardConfiguration.swift */ = {isa = PBXFileReference; lastKnownFileType = sourcecode.swift; path = CWOnboardConfiguration.swift; sourceTree = "<group>"; };
		E3BDB6632657F68200DC74AE /* CWOnboardPresenter.swift */ = {isa = PBXFileReference; lastKnownFileType = sourcecode.swift; path = CWOnboardPresenter.swift; sourceTree = "<group>"; };
		E3BDB6642657F68200DC74AE /* CWOnboardRouter.swift */ = {isa = PBXFileReference; lastKnownFileType = sourcecode.swift; path = CWOnboardRouter.swift; sourceTree = "<group>"; };
		E3BDB6652657F68200DC74AE /* CWOnboardViewController.swift */ = {isa = PBXFileReference; lastKnownFileType = sourcecode.swift; path = CWOnboardViewController.swift; sourceTree = "<group>"; };
		E3BDB6662657F68200DC74AE /* CWOnboardInteractor.swift */ = {isa = PBXFileReference; lastKnownFileType = sourcecode.swift; path = CWOnboardInteractor.swift; sourceTree = "<group>"; };
		E3BDB6692657F68200DC74AE /* CWOnboardManager.swift */ = {isa = PBXFileReference; lastKnownFileType = sourcecode.swift; path = CWOnboardManager.swift; sourceTree = "<group>"; };
		E3BDB6752657F73D00DC74AE /* CWUtility.swift */ = {isa = PBXFileReference; lastKnownFileType = sourcecode.swift; path = CWUtility.swift; sourceTree = "<group>"; };
		E3BDB6772657F77F00DC74AE /* AppDelegate+Extension.swift */ = {isa = PBXFileReference; lastKnownFileType = sourcecode.swift; path = "AppDelegate+Extension.swift"; sourceTree = "<group>"; };
		E3E6B114265784C000CB39CC /* Cowin.app */ = {isa = PBXFileReference; explicitFileType = wrapper.application; includeInIndex = 0; path = Cowin.app; sourceTree = BUILT_PRODUCTS_DIR; };
		E3E6B117265784C000CB39CC /* AppDelegate.swift */ = {isa = PBXFileReference; lastKnownFileType = sourcecode.swift; path = AppDelegate.swift; sourceTree = "<group>"; };
		E3E6B11E265784C000CB39CC /* Base */ = {isa = PBXFileReference; lastKnownFileType = file.storyboard; name = Base; path = Base.lproj/Main.storyboard; sourceTree = "<group>"; };
		E3E6B121265784C000CB39CC /* Cowin.xcdatamodel */ = {isa = PBXFileReference; lastKnownFileType = wrapper.xcdatamodel; path = Cowin.xcdatamodel; sourceTree = "<group>"; };
		E3E6B123265784C200CB39CC /* Assets.xcassets */ = {isa = PBXFileReference; lastKnownFileType = folder.assetcatalog; path = Assets.xcassets; sourceTree = "<group>"; };
		E3E6B126265784C300CB39CC /* Base */ = {isa = PBXFileReference; lastKnownFileType = file.storyboard; name = Base; path = Base.lproj/LaunchScreen.storyboard; sourceTree = "<group>"; };
		E3E6B128265784C300CB39CC /* Info.plist */ = {isa = PBXFileReference; lastKnownFileType = text.plist.xml; path = Info.plist; sourceTree = "<group>"; };
		E3E6B12D265784C300CB39CC /* CowinTests.xctest */ = {isa = PBXFileReference; explicitFileType = wrapper.cfbundle; includeInIndex = 0; path = CowinTests.xctest; sourceTree = BUILT_PRODUCTS_DIR; };
		E3E6B138265784C300CB39CC /* CowinUITests.xctest */ = {isa = PBXFileReference; explicitFileType = wrapper.cfbundle; includeInIndex = 0; path = CowinUITests.xctest; sourceTree = BUILT_PRODUCTS_DIR; };
		E3EDA5302658E88500E9943D /* OTPLoginConfiguration.swift */ = {isa = PBXFileReference; lastKnownFileType = sourcecode.swift; path = OTPLoginConfiguration.swift; sourceTree = "<group>"; };
		E3EDA5312658E88500E9943D /* OTPLoginPresenter.swift */ = {isa = PBXFileReference; lastKnownFileType = sourcecode.swift; path = OTPLoginPresenter.swift; sourceTree = "<group>"; };
		E3EDA5322658E88500E9943D /* OTPLoginRouter.swift */ = {isa = PBXFileReference; lastKnownFileType = sourcecode.swift; path = OTPLoginRouter.swift; sourceTree = "<group>"; };
		E3EDA5332658E88500E9943D /* OTPLoginViewController.swift */ = {isa = PBXFileReference; lastKnownFileType = sourcecode.swift; path = OTPLoginViewController.swift; sourceTree = "<group>"; };
		E3EDA5342658E88500E9943D /* OTPLoginInteractor.swift */ = {isa = PBXFileReference; lastKnownFileType = sourcecode.swift; path = OTPLoginInteractor.swift; sourceTree = "<group>"; };
		E3EDA5372658E88500E9943D /* OTPLoginManager.swift */ = {isa = PBXFileReference; lastKnownFileType = sourcecode.swift; path = OTPLoginManager.swift; sourceTree = "<group>"; };
		E3EDA5432658EA7900E9943D /* Login.storyboard */ = {isa = PBXFileReference; lastKnownFileType = file.storyboard; path = Login.storyboard; sourceTree = "<group>"; };
		E3EDA545265904E000E9943D /* CWOnboardPageViewController.swift */ = {isa = PBXFileReference; lastKnownFileType = sourcecode.swift; path = CWOnboardPageViewController.swift; sourceTree = "<group>"; };
		E3EDA548265907A400E9943D /* CWOnboardContentView.swift */ = {isa = PBXFileReference; lastKnownFileType = sourcecode.swift; path = CWOnboardContentView.swift; sourceTree = "<group>"; };
		E3EDA54A265907AA00E9943D /* CWOnboardContentView.xib */ = {isa = PBXFileReference; lastKnownFileType = file.xib; path = CWOnboardContentView.xib; sourceTree = "<group>"; };
		E3EDA54C2659083200E9943D /* CWViewUtils.swift */ = {isa = PBXFileReference; lastKnownFileType = sourcecode.swift; path = CWViewUtils.swift; sourceTree = "<group>"; };
		E3EDA55026590ECD00E9943D /* CWBaseTabViewController.swift */ = {isa = PBXFileReference; lastKnownFileType = sourcecode.swift; path = CWBaseTabViewController.swift; sourceTree = "<group>"; };
		E3EDA55226590F4A00E9943D /* CWBaseTabViewModel.swift */ = {isa = PBXFileReference; lastKnownFileType = sourcecode.swift; path = CWBaseTabViewModel.swift; sourceTree = "<group>"; };
		E3EDA55526590F7C00E9943D /* CWHomeConfiguration.swift */ = {isa = PBXFileReference; lastKnownFileType = sourcecode.swift; path = CWHomeConfiguration.swift; sourceTree = "<group>"; };
		E3EDA55626590F7C00E9943D /* CWHomePresenter.swift */ = {isa = PBXFileReference; lastKnownFileType = sourcecode.swift; path = CWHomePresenter.swift; sourceTree = "<group>"; };
		E3EDA55726590F7C00E9943D /* CWHomeRouter.swift */ = {isa = PBXFileReference; lastKnownFileType = sourcecode.swift; path = CWHomeRouter.swift; sourceTree = "<group>"; };
		E3EDA55826590F7C00E9943D /* CWHomeViewController.swift */ = {isa = PBXFileReference; lastKnownFileType = sourcecode.swift; path = CWHomeViewController.swift; sourceTree = "<group>"; };
		E3EDA55926590F7C00E9943D /* CWHomeInteractor.swift */ = {isa = PBXFileReference; lastKnownFileType = sourcecode.swift; path = CWHomeInteractor.swift; sourceTree = "<group>"; };
		E3EDA55C26590F7C00E9943D /* CWHomeManager.swift */ = {isa = PBXFileReference; lastKnownFileType = sourcecode.swift; path = CWHomeManager.swift; sourceTree = "<group>"; };
		E3EDA56626590FAC00E9943D /* CWStatsConfiguration.swift */ = {isa = PBXFileReference; lastKnownFileType = sourcecode.swift; path = CWStatsConfiguration.swift; sourceTree = "<group>"; };
		E3EDA56726590FAC00E9943D /* CWStatsPresenter.swift */ = {isa = PBXFileReference; lastKnownFileType = sourcecode.swift; path = CWStatsPresenter.swift; sourceTree = "<group>"; };
		E3EDA56826590FAC00E9943D /* CWStatsRouter.swift */ = {isa = PBXFileReference; lastKnownFileType = sourcecode.swift; path = CWStatsRouter.swift; sourceTree = "<group>"; };
		E3EDA56926590FAC00E9943D /* CWStatsViewController.swift */ = {isa = PBXFileReference; lastKnownFileType = sourcecode.swift; path = CWStatsViewController.swift; sourceTree = "<group>"; };
		E3EDA56A26590FAC00E9943D /* CWStatsInteractor.swift */ = {isa = PBXFileReference; lastKnownFileType = sourcecode.swift; path = CWStatsInteractor.swift; sourceTree = "<group>"; };
		E3EDA56D26590FAC00E9943D /* CWStatsManager.swift */ = {isa = PBXFileReference; lastKnownFileType = sourcecode.swift; path = CWStatsManager.swift; sourceTree = "<group>"; };
		E3EDA57726590FD500E9943D /* CWBookingConfiguration.swift */ = {isa = PBXFileReference; lastKnownFileType = sourcecode.swift; path = CWBookingConfiguration.swift; sourceTree = "<group>"; };
		E3EDA57826590FD500E9943D /* CWBookingPresenter.swift */ = {isa = PBXFileReference; lastKnownFileType = sourcecode.swift; path = CWBookingPresenter.swift; sourceTree = "<group>"; };
		E3EDA57926590FD500E9943D /* CWBookingRouter.swift */ = {isa = PBXFileReference; lastKnownFileType = sourcecode.swift; path = CWBookingRouter.swift; sourceTree = "<group>"; };
		E3EDA57A26590FD500E9943D /* CWBookingViewController.swift */ = {isa = PBXFileReference; lastKnownFileType = sourcecode.swift; path = CWBookingViewController.swift; sourceTree = "<group>"; };
		E3EDA57B26590FD500E9943D /* CWBookingInteractor.swift */ = {isa = PBXFileReference; lastKnownFileType = sourcecode.swift; path = CWBookingInteractor.swift; sourceTree = "<group>"; };
		E3EDA57E26590FD500E9943D /* CWBookingManager.swift */ = {isa = PBXFileReference; lastKnownFileType = sourcecode.swift; path = CWBookingManager.swift; sourceTree = "<group>"; };
		E3EDA5882659100400E9943D /* CWProfileConfiguration.swift */ = {isa = PBXFileReference; lastKnownFileType = sourcecode.swift; path = CWProfileConfiguration.swift; sourceTree = "<group>"; };
		E3EDA5892659100400E9943D /* CWProfilePresenter.swift */ = {isa = PBXFileReference; lastKnownFileType = sourcecode.swift; path = CWProfilePresenter.swift; sourceTree = "<group>"; };
		E3EDA58A2659100400E9943D /* CWProfileRouter.swift */ = {isa = PBXFileReference; lastKnownFileType = sourcecode.swift; path = CWProfileRouter.swift; sourceTree = "<group>"; };
		E3EDA58B2659100400E9943D /* CWProfileViewController.swift */ = {isa = PBXFileReference; lastKnownFileType = sourcecode.swift; path = CWProfileViewController.swift; sourceTree = "<group>"; };
		E3EDA58C2659100400E9943D /* CWProfileInteractor.swift */ = {isa = PBXFileReference; lastKnownFileType = sourcecode.swift; path = CWProfileInteractor.swift; sourceTree = "<group>"; };
		E3EDA58F2659100400E9943D /* CWProfileManager.swift */ = {isa = PBXFileReference; lastKnownFileType = sourcecode.swift; path = CWProfileManager.swift; sourceTree = "<group>"; };
		E3EDA59A265910E500E9943D /* Home.storyboard */ = {isa = PBXFileReference; lastKnownFileType = file.storyboard; path = Home.storyboard; sourceTree = "<group>"; };
		E3EDA59C2659111100E9943D /* Stats.storyboard */ = {isa = PBXFileReference; lastKnownFileType = file.storyboard; path = Stats.storyboard; sourceTree = "<group>"; };
		E3EDA59E2659114600E9943D /* Booking.storyboard */ = {isa = PBXFileReference; lastKnownFileType = file.storyboard; path = Booking.storyboard; sourceTree = "<group>"; };
		E3EDA5A02659116F00E9943D /* Profile.storyboard */ = {isa = PBXFileReference; lastKnownFileType = file.storyboard; path = Profile.storyboard; sourceTree = "<group>"; };
/* End PBXFileReference section */

/* Begin PBXFrameworksBuildPhase section */
		E3E6B111265784C000CB39CC /* Frameworks */ = {
			isa = PBXFrameworksBuildPhase;
			buildActionMask = 2147483647;
			files = (
				199E8431646A3AF7AC9A76C1 /* Pods_Cowin.framework in Frameworks */,
			);
			runOnlyForDeploymentPostprocessing = 0;
		};
		E3E6B12A265784C300CB39CC /* Frameworks */ = {
			isa = PBXFrameworksBuildPhase;
			buildActionMask = 2147483647;
			files = (
			);
			runOnlyForDeploymentPostprocessing = 0;
		};
		E3E6B135265784C300CB39CC /* Frameworks */ = {
			isa = PBXFrameworksBuildPhase;
			buildActionMask = 2147483647;
			files = (
			);
			runOnlyForDeploymentPostprocessing = 0;
		};
/* End PBXFrameworksBuildPhase section */

/* Begin PBXGroup section */
		4F886460D74456551A814A7A /* Pods */ = {
			isa = PBXGroup;
			children = (
				0156BB6C4EFC1473B20A4709 /* Pods-Cowin.debug.xcconfig */,
				BBBAA42F9241AD97FF5ABFFB /* Pods-Cowin.release.xcconfig */,
			);
			path = Pods;
			sourceTree = "<group>";
		};
		6E1D5ECB265918B900F9EDD0 /* MainBasePager */ = {
			isa = PBXGroup;
			children = (
				6E1D5ECF26591B3000F9EDD0 /* Controller */,
			);
			path = MainBasePager;
			sourceTree = "<group>";
		};
		6E1D5ECF26591B3000F9EDD0 /* Controller */ = {
			isa = PBXGroup;
			children = (
				6E1D5ED026591B3D00F9EDD0 /* CWMainBasePageController.swift */,
			);
			path = Controller;
			sourceTree = "<group>";
		};
		6E1D5ED22659211500F9EDD0 /* Initializer */ = {
			isa = PBXGroup;
			children = (
				6E1D5ED32659213200F9EDD0 /* CWBaseTabViewConfiguration.swift */,
			);
			path = Initializer;
			sourceTree = "<group>";
		};
		6E1D5ED52659232800F9EDD0 /* Initializer */ = {
			isa = PBXGroup;
			children = (
				6E1D5ED82659243C00F9EDD0 /* CWMainBaseControllerConfiguration.swift */,
			);
			path = Initializer;
			sourceTree = "<group>";
		};
		6E1D5F922659314800F9EDD0 /* Style */ = {
			isa = PBXGroup;
			children = (
				6E1D5F932659316000F9EDD0 /* CWStyle.swift */,
			);
			path = Style;
			sourceTree = "<group>";
		};
		6E1D5F952659322500F9EDD0 /* MainPage */ = {
			isa = PBXGroup;
			children = (
				6E1D5F962659323400F9EDD0 /* Controller */,
				6E1D5ED52659232800F9EDD0 /* Initializer */,
			);
			path = MainPage;
			sourceTree = "<group>";
		};
		6E1D5F962659323400F9EDD0 /* Controller */ = {
			isa = PBXGroup;
			children = (
				6E1D5ED6265923D700F9EDD0 /* CWMainBaseController.swift */,
			);
			path = Controller;
			sourceTree = "<group>";
		};
		6E1D5F9A26593EB500F9EDD0 /* Views */ = {
			isa = PBXGroup;
			children = (
				6E1D5F9B26593EBA00F9EDD0 /* MainPageTabView */,
			);
			path = Views;
			sourceTree = "<group>";
		};
		6E1D5F9B26593EBA00F9EDD0 /* MainPageTabView */ = {
			isa = PBXGroup;
			children = (
				6E703EC126596D9600CAFDD1 /* Cell */,
				6E1D5F9C26593EDE00F9EDD0 /* CWMainBaseTabView.xib */,
				6E1D5F9E26593FBC00F9EDD0 /* CWMainBaseTabView.swift */,
			);
			path = MainPageTabView;
			sourceTree = "<group>";
		};
		6E703EC126596D9600CAFDD1 /* Cell */ = {
			isa = PBXGroup;
			children = (
				6E703EC226596DB100CAFDD1 /* CWMainBaseTabViewCell.swift */,
				6E703EC326596DB100CAFDD1 /* CWMainBaseTabViewCell.xib */,
			);
			path = Cell;
			sourceTree = "<group>";
		};
		BB05A0EE201931F076CEF3B3 /* Frameworks */ = {
			isa = PBXGroup;
			children = (
				982918DFD9BA9E45C2872B80 /* Pods_Cowin.framework */,
			);
			name = Frameworks;
			sourceTree = "<group>";
		};
		E30662AE2658E65F00E8B058 /* OTPLogin */ = {
			isa = PBXGroup;
			children = (
				E3EDA5422658E89500E9943D /* Workers */,
				E3EDA5412658E88F00E9943D /* Initializer */,
				E3EDA5402658E88800E9943D /* Controller */,
			);
			path = OTPLogin;
			sourceTree = "<group>";
		};
		E34502CD265A82E800EFA6BE /* SearchSlot */ = {
			isa = PBXGroup;
			children = (
				E34502E0265A830600EFA6BE /* Workers */,
				E34502DF265A830100EFA6BE /* Controller */,
				E34502DE265A82FC00EFA6BE /* Initializer */,
			);
			path = SearchSlot;
			sourceTree = "<group>";
		};
		E34502DE265A82FC00EFA6BE /* Initializer */ = {
			isa = PBXGroup;
			children = (
				E34502CE265A82F800EFA6BE /* CWSearchSlotConfiguration.swift */,
			);
			path = Initializer;
			sourceTree = "<group>";
		};
		E34502DF265A830100EFA6BE /* Controller */ = {
			isa = PBXGroup;
			children = (
				E34502D1265A82F800EFA6BE /* CWSearchSlotViewController.swift */,
			);
			path = Controller;
			sourceTree = "<group>";
		};
		E34502E0265A830600EFA6BE /* Workers */ = {
			isa = PBXGroup;
			children = (
				E34502CF265A82F800EFA6BE /* CWSearchSlotPresenter.swift */,
				E34502D0265A82F800EFA6BE /* CWSearchSlotRouter.swift */,
				E34502D2265A82F800EFA6BE /* CWSearchSlotInteractor.swift */,
				E34502D5265A82F800EFA6BE /* CWSearchSlotManager.swift */,
			);
			path = Workers;
			sourceTree = "<group>";
		};
		E3685402265A230B008335A1 /* Cells */ = {
			isa = PBXGroup;
			children = (
				E3685403265A2333008335A1 /* CWLoginEmptyDataCell.swift */,
				E3685404265A2333008335A1 /* CWLoginEmptyDataCell.xib */,
				E3685407265A3AC2008335A1 /* CWMembersDataCell.swift */,
				E3685408265A3AC2008335A1 /* CWMembersDataCell.xib */,
			);
			path = Cells;
			sourceTree = "<group>";
		};
		E368540B265A42CB008335A1 /* UserDefaults */ = {
			isa = PBXGroup;
			children = (
				E368540C265A43B9008335A1 /* CWUserDefaultManager.swift */,
			);
			path = UserDefaults;
			sourceTree = "<group>";
		};
		E368540E265A4ABE008335A1 /* AddMember */ = {
			isa = PBXGroup;
			children = (
				E3685421265A4ADA008335A1 /* Workers */,
				E3685420265A4AD3008335A1 /* Initializer */,
				E368541F265A4ACE008335A1 /* Controller */,
			);
			path = AddMember;
			sourceTree = "<group>";
		};
		E368541F265A4ACE008335A1 /* Controller */ = {
			isa = PBXGroup;
			children = (
				E3685422265A4E88008335A1 /* AddMemberCell */,
				E3685412265A4ACC008335A1 /* CWAddMemberViewController.swift */,
			);
			path = Controller;
			sourceTree = "<group>";
		};
		E3685420265A4AD3008335A1 /* Initializer */ = {
			isa = PBXGroup;
			children = (
				E368540F265A4ACC008335A1 /* CWAddMemberConfiguration.swift */,
			);
			path = Initializer;
			sourceTree = "<group>";
		};
		E3685421265A4ADA008335A1 /* Workers */ = {
			isa = PBXGroup;
			children = (
				E3685410265A4ACC008335A1 /* CWAddMemberPresenter.swift */,
				E3685411265A4ACC008335A1 /* CWAddMemberRouter.swift */,
				E3685413265A4ACC008335A1 /* CWAddMemberInteractor.swift */,
				E3685416265A4ACC008335A1 /* CWAddMemberManager.swift */,
			);
			path = Workers;
			sourceTree = "<group>";
		};
		E3685422265A4E88008335A1 /* AddMemberCell */ = {
			isa = PBXGroup;
			children = (
				E3685423265A4E97008335A1 /* CWAddMemberCell.swift */,
				E3685424265A4E97008335A1 /* CWAddMemberCell.xib */,
				E3685427265A57FF008335A1 /* CWSubmitCell.swift */,
				E3685428265A57FF008335A1 /* CWSubmitCell.xib */,
				E368542B265A5AFA008335A1 /* CWGenderCell.swift */,
				E368542C265A5AFA008335A1 /* CWGenderCell.xib */,
			);
			path = AddMemberCell;
			sourceTree = "<group>";
		};
		E3763AB1265976EA00D25470 /* Constants */ = {
			isa = PBXGroup;
			children = (
				E3763AB2265976F800D25470 /* CWStringContant.swift */,
			);
			path = Constants;
			sourceTree = "<group>";
		};
		E3763AB82659795E00D25470 /* Fonts */ = {
			isa = PBXGroup;
			children = (
				E3763ABF265980A700D25470 /* icomoon.ttf */,
				E3763AB9265979A900D25470 /* CWFonts.swift */,
			);
			path = Fonts;
			sourceTree = "<group>";
		};
		E3BDB6722657F69E00DC74AE /* Controller */ = {
			isa = PBXGroup;
			children = (
				E3BDB6652657F68200DC74AE /* CWOnboardViewController.swift */,
				E3EDA545265904E000E9943D /* CWOnboardPageViewController.swift */,
				E3763AAD2659518700D25470 /* CWOnboardChildViewController.swift */,
			);
			path = Controller;
			sourceTree = "<group>";
		};
		E3BDB6732657F6A500DC74AE /* Initializer */ = {
			isa = PBXGroup;
			children = (
				E3BDB6622657F68200DC74AE /* CWOnboardConfiguration.swift */,
			);
			path = Initializer;
			sourceTree = "<group>";
		};
		E3BDB6742657F6AE00DC74AE /* Workers */ = {
			isa = PBXGroup;
			children = (
				E3BDB6632657F68200DC74AE /* CWOnboardPresenter.swift */,
				E3BDB6642657F68200DC74AE /* CWOnboardRouter.swift */,
				E3BDB6662657F68200DC74AE /* CWOnboardInteractor.swift */,
				E3BDB6692657F68200DC74AE /* CWOnboardManager.swift */,
			);
			path = Workers;
			sourceTree = "<group>";
		};
		E3E6B10B265784C000CB39CC = {
			isa = PBXGroup;
			children = (
				E3E6B116265784C000CB39CC /* Cowin */,
				E3E6B115265784C000CB39CC /* Products */,
				4F886460D74456551A814A7A /* Pods */,
				BB05A0EE201931F076CEF3B3 /* Frameworks */,
			);
			sourceTree = "<group>";
		};
		E3E6B115265784C000CB39CC /* Products */ = {
			isa = PBXGroup;
			children = (
				E3E6B114265784C000CB39CC /* Cowin.app */,
				E3E6B12D265784C300CB39CC /* CowinTests.xctest */,
				E3E6B138265784C300CB39CC /* CowinUITests.xctest */,
			);
			name = Products;
			sourceTree = "<group>";
		};
		E3E6B116265784C000CB39CC /* Cowin */ = {
			isa = PBXGroup;
			children = (
				E3E6B14B2657F54E00CB39CC /* Source */,
				E3E6B14C2657F56000CB39CC /* Utilities */,
			);
			path = Cowin;
			sourceTree = "<group>";
		};
		E3E6B14B2657F54E00CB39CC /* Source */ = {
			isa = PBXGroup;
			children = (
				E34502CD265A82E800EFA6BE /* SearchSlot */,
				E368540E265A4ABE008335A1 /* AddMember */,
				6E1D5F9A26593EB500F9EDD0 /* Views */,
				6E1D5F952659322500F9EDD0 /* MainPage */,
				E3EDA58726590FF400E9943D /* Profile */,
				E3EDA57626590FC700E9943D /* Booking */,
				E3EDA56526590F9E00E9943D /* Stats */,
				E3EDA55426590F6800E9943D /* Home */,
				6E1D5ECB265918B900F9EDD0 /* MainBasePager */,
				E3EDA54F26590EA200E9943D /* BaseTab */,
				E30662AE2658E65F00E8B058 /* OTPLogin */,
				E3E6B1502657F5B500CB39CC /* OnBoard */,
				E3E6B14F2657F59E00CB39CC /* AppDelegate */,
			);
			path = Source;
			sourceTree = "<group>";
		};
		E3E6B14C2657F56000CB39CC /* Utilities */ = {
			isa = PBXGroup;
			children = (
				E368540B265A42CB008335A1 /* UserDefaults */,
				E3763AB82659795E00D25470 /* Fonts */,
				E3763AB1265976EA00D25470 /* Constants */,
				6E1D5F922659314800F9EDD0 /* Style */,
				E3E6B14E2657F58000CB39CC /* Database */,
				E3E6B128265784C300CB39CC /* Info.plist */,
				E3E6B123265784C200CB39CC /* Assets.xcassets */,
				E3E6B14D2657F56900CB39CC /* StoryBoard */,
				E3BDB6752657F73D00DC74AE /* CWUtility.swift */,
				E3EDA54C2659083200E9943D /* CWViewUtils.swift */,
			);
			path = Utilities;
			sourceTree = "<group>";
		};
		E3E6B14D2657F56900CB39CC /* StoryBoard */ = {
			isa = PBXGroup;
			children = (
				E3E6B125265784C300CB39CC /* LaunchScreen.storyboard */,
				E3E6B11D265784C000CB39CC /* Main.storyboard */,
				E3EDA5432658EA7900E9943D /* Login.storyboard */,
				E3EDA59A265910E500E9943D /* Home.storyboard */,
				E3EDA59C2659111100E9943D /* Stats.storyboard */,
				E3EDA59E2659114600E9943D /* Booking.storyboard */,
				E3EDA5A02659116F00E9943D /* Profile.storyboard */,
				E3763AAF2659654A00D25470 /* OnBoard.storyboard */,
			);
			path = StoryBoard;
			sourceTree = "<group>";
		};
		E3E6B14E2657F58000CB39CC /* Database */ = {
			isa = PBXGroup;
			children = (
				E3E6B120265784C000CB39CC /* Cowin.xcdatamodeld */,
			);
			path = Database;
			sourceTree = "<group>";
		};
		E3E6B14F2657F59E00CB39CC /* AppDelegate */ = {
			isa = PBXGroup;
			children = (
				E3E6B117265784C000CB39CC /* AppDelegate.swift */,
				E3BDB6772657F77F00DC74AE /* AppDelegate+Extension.swift */,
			);
			path = AppDelegate;
			sourceTree = "<group>";
		};
		E3E6B1502657F5B500CB39CC /* OnBoard */ = {
			isa = PBXGroup;
			children = (
				E3EDA5472659079300E9943D /* Views */,
				E3BDB6732657F6A500DC74AE /* Initializer */,
				E3BDB6722657F69E00DC74AE /* Controller */,
				E3BDB6742657F6AE00DC74AE /* Workers */,
			);
			path = OnBoard;
			sourceTree = "<group>";
		};
		E3EDA5402658E88800E9943D /* Controller */ = {
			isa = PBXGroup;
			children = (
				E3EDA5332658E88500E9943D /* OTPLoginViewController.swift */,
			);
			path = Controller;
			sourceTree = "<group>";
		};
		E3EDA5412658E88F00E9943D /* Initializer */ = {
			isa = PBXGroup;
			children = (
				E3EDA5302658E88500E9943D /* OTPLoginConfiguration.swift */,
			);
			path = Initializer;
			sourceTree = "<group>";
		};
		E3EDA5422658E89500E9943D /* Workers */ = {
			isa = PBXGroup;
			children = (
				E3EDA5312658E88500E9943D /* OTPLoginPresenter.swift */,
				E3EDA5322658E88500E9943D /* OTPLoginRouter.swift */,
				E3EDA5342658E88500E9943D /* OTPLoginInteractor.swift */,
				E3EDA5372658E88500E9943D /* OTPLoginManager.swift */,
			);
			path = Workers;
			sourceTree = "<group>";
		};
		E3EDA5472659079300E9943D /* Views */ = {
			isa = PBXGroup;
			children = (
				E3EDA548265907A400E9943D /* CWOnboardContentView.swift */,
				E3EDA54A265907AA00E9943D /* CWOnboardContentView.xib */,
			);
			path = Views;
			sourceTree = "<group>";
		};
		E3EDA54F26590EA200E9943D /* BaseTab */ = {
			isa = PBXGroup;
			children = (
				6E1D5ED22659211500F9EDD0 /* Initializer */,
				E3EDA5B02659131800E9943D /* ViewModel */,
				E3EDA5AF2659131000E9943D /* Controller */,
			);
			path = BaseTab;
			sourceTree = "<group>";
		};
		E3EDA55426590F6800E9943D /* Home */ = {
			isa = PBXGroup;
			children = (
				E3EDA5A42659123F00E9943D /* Workers */,
				E3EDA5A32659123900E9943D /* Initializer */,
				E3EDA5A22659123300E9943D /* Controller */,
			);
			path = Home;
			sourceTree = "<group>";
		};
		E3EDA56526590F9E00E9943D /* Stats */ = {
			isa = PBXGroup;
			children = (
				E3EDA5A72659125900E9943D /* Workers */,
				E3EDA5A62659125500E9943D /* Controller */,
				E3EDA5A52659124F00E9943D /* Initializer */,
			);
			path = Stats;
			sourceTree = "<group>";
		};
		E3EDA57626590FC700E9943D /* Booking */ = {
			isa = PBXGroup;
			children = (
				E3EDA5AA2659126F00E9943D /* Initializer */,
				E3EDA5A92659126B00E9943D /* Workers */,
				E3EDA5A82659126700E9943D /* Controller */,
			);
			path = Booking;
			sourceTree = "<group>";
		};
		E3EDA58726590FF400E9943D /* Profile */ = {
			isa = PBXGroup;
			children = (
				E3EDA5AD2659128600E9943D /* Workers */,
				E3EDA5AC2659128100E9943D /* Initializer */,
				E3EDA5AB2659127D00E9943D /* Controller */,
			);
			path = Profile;
			sourceTree = "<group>";
		};
		E3EDA5A22659123300E9943D /* Controller */ = {
			isa = PBXGroup;
			children = (
				E3EDA55826590F7C00E9943D /* CWHomeViewController.swift */,
			);
			path = Controller;
			sourceTree = "<group>";
		};
		E3EDA5A32659123900E9943D /* Initializer */ = {
			isa = PBXGroup;
			children = (
				E3EDA55526590F7C00E9943D /* CWHomeConfiguration.swift */,
			);
			path = Initializer;
			sourceTree = "<group>";
		};
		E3EDA5A42659123F00E9943D /* Workers */ = {
			isa = PBXGroup;
			children = (
				E3EDA55626590F7C00E9943D /* CWHomePresenter.swift */,
				E3EDA55726590F7C00E9943D /* CWHomeRouter.swift */,
				E3EDA55926590F7C00E9943D /* CWHomeInteractor.swift */,
				E3EDA55C26590F7C00E9943D /* CWHomeManager.swift */,
			);
			path = Workers;
			sourceTree = "<group>";
		};
		E3EDA5A52659124F00E9943D /* Initializer */ = {
			isa = PBXGroup;
			children = (
				E3EDA56626590FAC00E9943D /* CWStatsConfiguration.swift */,
			);
			path = Initializer;
			sourceTree = "<group>";
		};
		E3EDA5A62659125500E9943D /* Controller */ = {
			isa = PBXGroup;
			children = (
				E3EDA56926590FAC00E9943D /* CWStatsViewController.swift */,
			);
			path = Controller;
			sourceTree = "<group>";
		};
		E3EDA5A72659125900E9943D /* Workers */ = {
			isa = PBXGroup;
			children = (
				E3EDA56726590FAC00E9943D /* CWStatsPresenter.swift */,
				E3EDA56826590FAC00E9943D /* CWStatsRouter.swift */,
				E3EDA56A26590FAC00E9943D /* CWStatsInteractor.swift */,
				E3EDA56D26590FAC00E9943D /* CWStatsManager.swift */,
			);
			path = Workers;
			sourceTree = "<group>";
		};
		E3EDA5A82659126700E9943D /* Controller */ = {
			isa = PBXGroup;
			children = (
				E3EDA57A26590FD500E9943D /* CWBookingViewController.swift */,
			);
			path = Controller;
			sourceTree = "<group>";
		};
		E3EDA5A92659126B00E9943D /* Workers */ = {
			isa = PBXGroup;
			children = (
				E3EDA57826590FD500E9943D /* CWBookingPresenter.swift */,
				E3EDA57926590FD500E9943D /* CWBookingRouter.swift */,
				E3EDA57B26590FD500E9943D /* CWBookingInteractor.swift */,
				E3EDA57E26590FD500E9943D /* CWBookingManager.swift */,
			);
			path = Workers;
			sourceTree = "<group>";
		};
		E3EDA5AA2659126F00E9943D /* Initializer */ = {
			isa = PBXGroup;
			children = (
				E3EDA57726590FD500E9943D /* CWBookingConfiguration.swift */,
			);
			path = Initializer;
			sourceTree = "<group>";
		};
		E3EDA5AB2659127D00E9943D /* Controller */ = {
			isa = PBXGroup;
			children = (
				E3685402265A230B008335A1 /* Cells */,
				E3EDA58B2659100400E9943D /* CWProfileViewController.swift */,
			);
			path = Controller;
			sourceTree = "<group>";
		};
		E3EDA5AC2659128100E9943D /* Initializer */ = {
			isa = PBXGroup;
			children = (
				E3EDA5882659100400E9943D /* CWProfileConfiguration.swift */,
			);
			path = Initializer;
			sourceTree = "<group>";
		};
		E3EDA5AD2659128600E9943D /* Workers */ = {
			isa = PBXGroup;
			children = (
				E3EDA5892659100400E9943D /* CWProfilePresenter.swift */,
				E3EDA58A2659100400E9943D /* CWProfileRouter.swift */,
				E3EDA58C2659100400E9943D /* CWProfileInteractor.swift */,
				E3EDA58F2659100400E9943D /* CWProfileManager.swift */,
			);
			path = Workers;
			sourceTree = "<group>";
		};
		E3EDA5AF2659131000E9943D /* Controller */ = {
			isa = PBXGroup;
			children = (
				E3EDA55026590ECD00E9943D /* CWBaseTabViewController.swift */,
			);
			path = Controller;
			sourceTree = "<group>";
		};
		E3EDA5B02659131800E9943D /* ViewModel */ = {
			isa = PBXGroup;
			children = (
				E3EDA55226590F4A00E9943D /* CWBaseTabViewModel.swift */,
			);
			path = ViewModel;
			sourceTree = "<group>";
		};
/* End PBXGroup section */

/* Begin PBXNativeTarget section */
		E3E6B113265784C000CB39CC /* Cowin */ = {
			isa = PBXNativeTarget;
			buildConfigurationList = E3E6B141265784C300CB39CC /* Build configuration list for PBXNativeTarget "Cowin" */;
			buildPhases = (
				24E6DA9C7B7F8935A9D1436B /* [CP] Check Pods Manifest.lock */,
				E3E6B110265784C000CB39CC /* Sources */,
				E3E6B111265784C000CB39CC /* Frameworks */,
				E3E6B112265784C000CB39CC /* Resources */,
				74883BD014AFBABDBC7E0E1D /* [CP] Embed Pods Frameworks */,
			);
			buildRules = (
			);
			dependencies = (
			);
			name = Cowin;
			productName = Cowin;
			productReference = E3E6B114265784C000CB39CC /* Cowin.app */;
			productType = "com.apple.product-type.application";
		};
		E3E6B12C265784C300CB39CC /* CowinTests */ = {
			isa = PBXNativeTarget;
			buildConfigurationList = E3E6B144265784C300CB39CC /* Build configuration list for PBXNativeTarget "CowinTests" */;
			buildPhases = (
				E3E6B129265784C300CB39CC /* Sources */,
				E3E6B12A265784C300CB39CC /* Frameworks */,
				E3E6B12B265784C300CB39CC /* Resources */,
			);
			buildRules = (
			);
			dependencies = (
				E3E6B12F265784C300CB39CC /* PBXTargetDependency */,
			);
			name = CowinTests;
			productName = CowinTests;
			productReference = E3E6B12D265784C300CB39CC /* CowinTests.xctest */;
			productType = "com.apple.product-type.bundle.unit-test";
		};
		E3E6B137265784C300CB39CC /* CowinUITests */ = {
			isa = PBXNativeTarget;
			buildConfigurationList = E3E6B147265784C300CB39CC /* Build configuration list for PBXNativeTarget "CowinUITests" */;
			buildPhases = (
				E3E6B134265784C300CB39CC /* Sources */,
				E3E6B135265784C300CB39CC /* Frameworks */,
				E3E6B136265784C300CB39CC /* Resources */,
			);
			buildRules = (
			);
			dependencies = (
				E3E6B13A265784C300CB39CC /* PBXTargetDependency */,
			);
			name = CowinUITests;
			productName = CowinUITests;
			productReference = E3E6B138265784C300CB39CC /* CowinUITests.xctest */;
			productType = "com.apple.product-type.bundle.ui-testing";
		};
/* End PBXNativeTarget section */

/* Begin PBXProject section */
		E3E6B10C265784C000CB39CC /* Project object */ = {
			isa = PBXProject;
			attributes = {
				LastSwiftUpdateCheck = 1250;
				LastUpgradeCheck = 1250;
				TargetAttributes = {
					E3E6B113265784C000CB39CC = {
						CreatedOnToolsVersion = 12.5;
					};
					E3E6B12C265784C300CB39CC = {
						CreatedOnToolsVersion = 12.5;
						TestTargetID = E3E6B113265784C000CB39CC;
					};
					E3E6B137265784C300CB39CC = {
						CreatedOnToolsVersion = 12.5;
						TestTargetID = E3E6B113265784C000CB39CC;
					};
				};
			};
			buildConfigurationList = E3E6B10F265784C000CB39CC /* Build configuration list for PBXProject "Cowin" */;
			compatibilityVersion = "Xcode 9.3";
			developmentRegion = en;
			hasScannedForEncodings = 0;
			knownRegions = (
				en,
				Base,
			);
			mainGroup = E3E6B10B265784C000CB39CC;
			productRefGroup = E3E6B115265784C000CB39CC /* Products */;
			projectDirPath = "";
			projectRoot = "";
			targets = (
				E3E6B113265784C000CB39CC /* Cowin */,
				E3E6B12C265784C300CB39CC /* CowinTests */,
				E3E6B137265784C300CB39CC /* CowinUITests */,
			);
		};
/* End PBXProject section */

/* Begin PBXResourcesBuildPhase section */
		E3E6B112265784C000CB39CC /* Resources */ = {
			isa = PBXResourcesBuildPhase;
			buildActionMask = 2147483647;
			files = (
				E368542E265A5AFA008335A1 /* CWGenderCell.xib in Resources */,
				E3EDA5442658EA7900E9943D /* Login.storyboard in Resources */,
				E3EDA59B265910E500E9943D /* Home.storyboard in Resources */,
				E368542A265A57FF008335A1 /* CWSubmitCell.xib in Resources */,
				6E703EC526596DB100CAFDD1 /* CWMainBaseTabViewCell.xib in Resources */,
				E3685406265A2333008335A1 /* CWLoginEmptyDataCell.xib in Resources */,
				E3763AB02659654A00D25470 /* OnBoard.storyboard in Resources */,
				E3763AC0265980A700D25470 /* icomoon.ttf in Resources */,
				E3EDA59F2659114600E9943D /* Booking.storyboard in Resources */,
				E3E6B127265784C300CB39CC /* LaunchScreen.storyboard in Resources */,
				E3EDA5A12659116F00E9943D /* Profile.storyboard in Resources */,
				E3E6B124265784C200CB39CC /* Assets.xcassets in Resources */,
				E3EDA59D2659111100E9943D /* Stats.storyboard in Resources */,
				E3EDA54B265907AA00E9943D /* CWOnboardContentView.xib in Resources */,
				6E1D5F9D26593EDE00F9EDD0 /* CWMainBaseTabView.xib in Resources */,
				E368540A265A3AC2008335A1 /* CWMembersDataCell.xib in Resources */,
				E3E6B11F265784C000CB39CC /* Main.storyboard in Resources */,
				E3685426265A4E97008335A1 /* CWAddMemberCell.xib in Resources */,
			);
			runOnlyForDeploymentPostprocessing = 0;
		};
		E3E6B12B265784C300CB39CC /* Resources */ = {
			isa = PBXResourcesBuildPhase;
			buildActionMask = 2147483647;
			files = (
			);
			runOnlyForDeploymentPostprocessing = 0;
		};
		E3E6B136265784C300CB39CC /* Resources */ = {
			isa = PBXResourcesBuildPhase;
			buildActionMask = 2147483647;
			files = (
			);
			runOnlyForDeploymentPostprocessing = 0;
		};
/* End PBXResourcesBuildPhase section */

/* Begin PBXShellScriptBuildPhase section */
		24E6DA9C7B7F8935A9D1436B /* [CP] Check Pods Manifest.lock */ = {
			isa = PBXShellScriptBuildPhase;
			buildActionMask = 2147483647;
			files = (
			);
			inputFileListPaths = (
			);
			inputPaths = (
				"${PODS_PODFILE_DIR_PATH}/Podfile.lock",
				"${PODS_ROOT}/Manifest.lock",
			);
			name = "[CP] Check Pods Manifest.lock";
			outputFileListPaths = (
			);
			outputPaths = (
				"$(DERIVED_FILE_DIR)/Pods-Cowin-checkManifestLockResult.txt",
			);
			runOnlyForDeploymentPostprocessing = 0;
			shellPath = /bin/sh;
			shellScript = "diff \"${PODS_PODFILE_DIR_PATH}/Podfile.lock\" \"${PODS_ROOT}/Manifest.lock\" > /dev/null\nif [ $? != 0 ] ; then\n    # print error to STDERR\n    echo \"error: The sandbox is not in sync with the Podfile.lock. Run 'pod install' or update your CocoaPods installation.\" >&2\n    exit 1\nfi\n# This output is used by Xcode 'outputs' to avoid re-running this script phase.\necho \"SUCCESS\" > \"${SCRIPT_OUTPUT_FILE_0}\"\n";
			showEnvVarsInLog = 0;
		};
		74883BD014AFBABDBC7E0E1D /* [CP] Embed Pods Frameworks */ = {
			isa = PBXShellScriptBuildPhase;
			buildActionMask = 2147483647;
			files = (
			);
			inputFileListPaths = (
				"${PODS_ROOT}/Target Support Files/Pods-Cowin/Pods-Cowin-frameworks-${CONFIGURATION}-input-files.xcfilelist",
			);
			name = "[CP] Embed Pods Frameworks";
			outputFileListPaths = (
				"${PODS_ROOT}/Target Support Files/Pods-Cowin/Pods-Cowin-frameworks-${CONFIGURATION}-output-files.xcfilelist",
			);
			runOnlyForDeploymentPostprocessing = 0;
			shellPath = /bin/sh;
			shellScript = "\"${PODS_ROOT}/Target Support Files/Pods-Cowin/Pods-Cowin-frameworks.sh\"\n";
			showEnvVarsInLog = 0;
		};
/* End PBXShellScriptBuildPhase section */

/* Begin PBXSourcesBuildPhase section */
		E3E6B110265784C000CB39CC /* Sources */ = {
			isa = PBXSourcesBuildPhase;
			buildActionMask = 2147483647;
			files = (
				E3EDA56F26590FAC00E9943D /* CWStatsPresenter.swift in Sources */,
				E34502D9265A82F800EFA6BE /* CWSearchSlotViewController.swift in Sources */,
				E3BDB66E2657F68200DC74AE /* CWOnboardInteractor.swift in Sources */,
				E368541E265A4ACC008335A1 /* CWAddMemberManager.swift in Sources */,
				E3EDA58026590FD500E9943D /* CWBookingPresenter.swift in Sources */,
				E3EDA56E26590FAC00E9943D /* CWStatsConfiguration.swift in Sources */,
				E3EDA55F26590F7C00E9943D /* CWHomeRouter.swift in Sources */,
				E3EDA5392658E88500E9943D /* OTPLoginPresenter.swift in Sources */,
				E368542D265A5AFA008335A1 /* CWGenderCell.swift in Sources */,
				E3EDA5912659100400E9943D /* CWProfilePresenter.swift in Sources */,
				E3685417265A4ACC008335A1 /* CWAddMemberConfiguration.swift in Sources */,
				E368541B265A4ACC008335A1 /* CWAddMemberInteractor.swift in Sources */,
				E34502DA265A82F800EFA6BE /* CWSearchSlotInteractor.swift in Sources */,
				E3EDA56126590F7C00E9943D /* CWHomeInteractor.swift in Sources */,
				E3BDB66C2657F68200DC74AE /* CWOnboardRouter.swift in Sources */,
				E3EDA55D26590F7C00E9943D /* CWHomeConfiguration.swift in Sources */,
				E368540D265A43B9008335A1 /* CWUserDefaultManager.swift in Sources */,
				E3EDA53B2658E88500E9943D /* OTPLoginViewController.swift in Sources */,
				E3EDA58126590FD500E9943D /* CWBookingRouter.swift in Sources */,
				E3EDA55126590ECD00E9943D /* CWBaseTabViewController.swift in Sources */,
				E3EDA5382658E88500E9943D /* OTPLoginConfiguration.swift in Sources */,
				E3EDA546265904E000E9943D /* CWOnboardPageViewController.swift in Sources */,
				E3EDA54D2659083200E9943D /* CWViewUtils.swift in Sources */,
				E3EDA5902659100400E9943D /* CWProfileConfiguration.swift in Sources */,
				E3685429265A57FF008335A1 /* CWSubmitCell.swift in Sources */,
				E3EDA57026590FAC00E9943D /* CWStatsRouter.swift in Sources */,
				E34502D8265A82F800EFA6BE /* CWSearchSlotRouter.swift in Sources */,
				E3BDB6712657F68200DC74AE /* CWOnboardManager.swift in Sources */,
				E3EDA58626590FD500E9943D /* CWBookingManager.swift in Sources */,
				E3E6B118265784C000CB39CC /* AppDelegate.swift in Sources */,
				6E703EC426596DB100CAFDD1 /* CWMainBaseTabViewCell.swift in Sources */,
				E3EDA55E26590F7C00E9943D /* CWHomePresenter.swift in Sources */,
				E3EDA5972659100400E9943D /* CWProfileManager.swift in Sources */,
				6E1D5ED42659213200F9EDD0 /* CWBaseTabViewConfiguration.swift in Sources */,
				E3685425265A4E97008335A1 /* CWAddMemberCell.swift in Sources */,
				E3BDB6762657F73D00DC74AE /* CWUtility.swift in Sources */,
				6E1D5ED126591B3D00F9EDD0 /* CWMainBasePageController.swift in Sources */,
				E3EDA56426590F7C00E9943D /* CWHomeManager.swift in Sources */,
				6E1D5F942659316000F9EDD0 /* CWStyle.swift in Sources */,
				E34502D7265A82F800EFA6BE /* CWSearchSlotPresenter.swift in Sources */,
				E3EDA55326590F4A00E9943D /* CWBaseTabViewModel.swift in Sources */,
				E3685419265A4ACC008335A1 /* CWAddMemberRouter.swift in Sources */,
				E3763AAE2659518700D25470 /* CWOnboardChildViewController.swift in Sources */,
				E3BDB66B2657F68200DC74AE /* CWOnboardPresenter.swift in Sources */,
				E3EDA5942659100400E9943D /* CWProfileInteractor.swift in Sources */,
				E3685405265A2333008335A1 /* CWLoginEmptyDataCell.swift in Sources */,
				E3BDB6782657F77F00DC74AE /* AppDelegate+Extension.swift in Sources */,
				E3EDA53C2658E88500E9943D /* OTPLoginInteractor.swift in Sources */,
				6E1D5ED7265923D700F9EDD0 /* CWMainBaseController.swift in Sources */,
				E3EDA57526590FAC00E9943D /* CWStatsManager.swift in Sources */,
				E3EDA53F2658E88500E9943D /* OTPLoginManager.swift in Sources */,
				E3EDA57F26590FD500E9943D /* CWBookingConfiguration.swift in Sources */,
				E34502DD265A82F800EFA6BE /* CWSearchSlotManager.swift in Sources */,
				E3E6B122265784C000CB39CC /* Cowin.xcdatamodeld in Sources */,
				E3763AB3265976F800D25470 /* CWStringContant.swift in Sources */,
				E3685418265A4ACC008335A1 /* CWAddMemberPresenter.swift in Sources */,
				E3EDA56026590F7C00E9943D /* CWHomeViewController.swift in Sources */,
				E34502D6265A82F800EFA6BE /* CWSearchSlotConfiguration.swift in Sources */,
				E3EDA549265907A400E9943D /* CWOnboardContentView.swift in Sources */,
				E3BDB66D2657F68200DC74AE /* CWOnboardViewController.swift in Sources */,
				E3EDA5922659100400E9943D /* CWProfileRouter.swift in Sources */,
				E3EDA58326590FD500E9943D /* CWBookingInteractor.swift in Sources */,
				E3685409265A3AC2008335A1 /* CWMembersDataCell.swift in Sources */,
				E3EDA53A2658E88500E9943D /* OTPLoginRouter.swift in Sources */,
				E3EDA57226590FAC00E9943D /* CWStatsInteractor.swift in Sources */,
				6E1D5F9F26593FBC00F9EDD0 /* CWMainBaseTabView.swift in Sources */,
				E3EDA57126590FAC00E9943D /* CWStatsViewController.swift in Sources */,
				E3BDB66A2657F68200DC74AE /* CWOnboardConfiguration.swift in Sources */,
				6E1D5ED92659243C00F9EDD0 /* CWMainBaseControllerConfiguration.swift in Sources */,
				E3EDA5932659100400E9943D /* CWProfileViewController.swift in Sources */,
				E3763ABA265979A900D25470 /* CWFonts.swift in Sources */,
				E368541A265A4ACC008335A1 /* CWAddMemberViewController.swift in Sources */,
				E3EDA58226590FD500E9943D /* CWBookingViewController.swift in Sources */,
			);
			runOnlyForDeploymentPostprocessing = 0;
		};
		E3E6B129265784C300CB39CC /* Sources */ = {
			isa = PBXSourcesBuildPhase;
			buildActionMask = 2147483647;
			files = (
			);
			runOnlyForDeploymentPostprocessing = 0;
		};
		E3E6B134265784C300CB39CC /* Sources */ = {
			isa = PBXSourcesBuildPhase;
			buildActionMask = 2147483647;
			files = (
			);
			runOnlyForDeploymentPostprocessing = 0;
		};
/* End PBXSourcesBuildPhase section */

/* Begin PBXTargetDependency section */
		E3E6B12F265784C300CB39CC /* PBXTargetDependency */ = {
			isa = PBXTargetDependency;
			target = E3E6B113265784C000CB39CC /* Cowin */;
			targetProxy = E3E6B12E265784C300CB39CC /* PBXContainerItemProxy */;
		};
		E3E6B13A265784C300CB39CC /* PBXTargetDependency */ = {
			isa = PBXTargetDependency;
			target = E3E6B113265784C000CB39CC /* Cowin */;
			targetProxy = E3E6B139265784C300CB39CC /* PBXContainerItemProxy */;
		};
/* End PBXTargetDependency section */

/* Begin PBXVariantGroup section */
		E3E6B11D265784C000CB39CC /* Main.storyboard */ = {
			isa = PBXVariantGroup;
			children = (
				E3E6B11E265784C000CB39CC /* Base */,
			);
			name = Main.storyboard;
			sourceTree = "<group>";
		};
		E3E6B125265784C300CB39CC /* LaunchScreen.storyboard */ = {
			isa = PBXVariantGroup;
			children = (
				E3E6B126265784C300CB39CC /* Base */,
			);
			name = LaunchScreen.storyboard;
			sourceTree = "<group>";
		};
/* End PBXVariantGroup section */

/* Begin XCBuildConfiguration section */
		E3E6B13F265784C300CB39CC /* Debug */ = {
			isa = XCBuildConfiguration;
			buildSettings = {
				ALWAYS_SEARCH_USER_PATHS = NO;
				CLANG_ANALYZER_NONNULL = YES;
				CLANG_ANALYZER_NUMBER_OBJECT_CONVERSION = YES_AGGRESSIVE;
				CLANG_CXX_LANGUAGE_STANDARD = "gnu++14";
				CLANG_CXX_LIBRARY = "libc++";
				CLANG_ENABLE_MODULES = YES;
				CLANG_ENABLE_OBJC_ARC = YES;
				CLANG_ENABLE_OBJC_WEAK = YES;
				CLANG_WARN_BLOCK_CAPTURE_AUTORELEASING = YES;
				CLANG_WARN_BOOL_CONVERSION = YES;
				CLANG_WARN_COMMA = YES;
				CLANG_WARN_CONSTANT_CONVERSION = YES;
				CLANG_WARN_DEPRECATED_OBJC_IMPLEMENTATIONS = YES;
				CLANG_WARN_DIRECT_OBJC_ISA_USAGE = YES_ERROR;
				CLANG_WARN_DOCUMENTATION_COMMENTS = YES;
				CLANG_WARN_EMPTY_BODY = YES;
				CLANG_WARN_ENUM_CONVERSION = YES;
				CLANG_WARN_INFINITE_RECURSION = YES;
				CLANG_WARN_INT_CONVERSION = YES;
				CLANG_WARN_NON_LITERAL_NULL_CONVERSION = YES;
				CLANG_WARN_OBJC_IMPLICIT_RETAIN_SELF = YES;
				CLANG_WARN_OBJC_LITERAL_CONVERSION = YES;
				CLANG_WARN_OBJC_ROOT_CLASS = YES_ERROR;
				CLANG_WARN_QUOTED_INCLUDE_IN_FRAMEWORK_HEADER = YES;
				CLANG_WARN_RANGE_LOOP_ANALYSIS = YES;
				CLANG_WARN_STRICT_PROTOTYPES = YES;
				CLANG_WARN_SUSPICIOUS_MOVE = YES;
				CLANG_WARN_UNGUARDED_AVAILABILITY = YES_AGGRESSIVE;
				CLANG_WARN_UNREACHABLE_CODE = YES;
				CLANG_WARN__DUPLICATE_METHOD_MATCH = YES;
				COPY_PHASE_STRIP = NO;
				DEBUG_INFORMATION_FORMAT = dwarf;
				ENABLE_STRICT_OBJC_MSGSEND = YES;
				ENABLE_TESTABILITY = YES;
				GCC_C_LANGUAGE_STANDARD = gnu11;
				GCC_DYNAMIC_NO_PIC = NO;
				GCC_NO_COMMON_BLOCKS = YES;
				GCC_OPTIMIZATION_LEVEL = 0;
				GCC_PREPROCESSOR_DEFINITIONS = (
					"DEBUG=1",
					"$(inherited)",
				);
				GCC_WARN_64_TO_32_BIT_CONVERSION = YES;
				GCC_WARN_ABOUT_RETURN_TYPE = YES_ERROR;
				GCC_WARN_UNDECLARED_SELECTOR = YES;
				GCC_WARN_UNINITIALIZED_AUTOS = YES_AGGRESSIVE;
				GCC_WARN_UNUSED_FUNCTION = YES;
				GCC_WARN_UNUSED_VARIABLE = YES;
				IPHONEOS_DEPLOYMENT_TARGET = 14.5;
				MTL_ENABLE_DEBUG_INFO = INCLUDE_SOURCE;
				MTL_FAST_MATH = YES;
				ONLY_ACTIVE_ARCH = YES;
				SDKROOT = iphoneos;
				SWIFT_ACTIVE_COMPILATION_CONDITIONS = DEBUG;
				SWIFT_OPTIMIZATION_LEVEL = "-Onone";
			};
			name = Debug;
		};
		E3E6B140265784C300CB39CC /* Release */ = {
			isa = XCBuildConfiguration;
			buildSettings = {
				ALWAYS_SEARCH_USER_PATHS = NO;
				CLANG_ANALYZER_NONNULL = YES;
				CLANG_ANALYZER_NUMBER_OBJECT_CONVERSION = YES_AGGRESSIVE;
				CLANG_CXX_LANGUAGE_STANDARD = "gnu++14";
				CLANG_CXX_LIBRARY = "libc++";
				CLANG_ENABLE_MODULES = YES;
				CLANG_ENABLE_OBJC_ARC = YES;
				CLANG_ENABLE_OBJC_WEAK = YES;
				CLANG_WARN_BLOCK_CAPTURE_AUTORELEASING = YES;
				CLANG_WARN_BOOL_CONVERSION = YES;
				CLANG_WARN_COMMA = YES;
				CLANG_WARN_CONSTANT_CONVERSION = YES;
				CLANG_WARN_DEPRECATED_OBJC_IMPLEMENTATIONS = YES;
				CLANG_WARN_DIRECT_OBJC_ISA_USAGE = YES_ERROR;
				CLANG_WARN_DOCUMENTATION_COMMENTS = YES;
				CLANG_WARN_EMPTY_BODY = YES;
				CLANG_WARN_ENUM_CONVERSION = YES;
				CLANG_WARN_INFINITE_RECURSION = YES;
				CLANG_WARN_INT_CONVERSION = YES;
				CLANG_WARN_NON_LITERAL_NULL_CONVERSION = YES;
				CLANG_WARN_OBJC_IMPLICIT_RETAIN_SELF = YES;
				CLANG_WARN_OBJC_LITERAL_CONVERSION = YES;
				CLANG_WARN_OBJC_ROOT_CLASS = YES_ERROR;
				CLANG_WARN_QUOTED_INCLUDE_IN_FRAMEWORK_HEADER = YES;
				CLANG_WARN_RANGE_LOOP_ANALYSIS = YES;
				CLANG_WARN_STRICT_PROTOTYPES = YES;
				CLANG_WARN_SUSPICIOUS_MOVE = YES;
				CLANG_WARN_UNGUARDED_AVAILABILITY = YES_AGGRESSIVE;
				CLANG_WARN_UNREACHABLE_CODE = YES;
				CLANG_WARN__DUPLICATE_METHOD_MATCH = YES;
				COPY_PHASE_STRIP = NO;
				DEBUG_INFORMATION_FORMAT = "dwarf-with-dsym";
				ENABLE_NS_ASSERTIONS = NO;
				ENABLE_STRICT_OBJC_MSGSEND = YES;
				GCC_C_LANGUAGE_STANDARD = gnu11;
				GCC_NO_COMMON_BLOCKS = YES;
				GCC_WARN_64_TO_32_BIT_CONVERSION = YES;
				GCC_WARN_ABOUT_RETURN_TYPE = YES_ERROR;
				GCC_WARN_UNDECLARED_SELECTOR = YES;
				GCC_WARN_UNINITIALIZED_AUTOS = YES_AGGRESSIVE;
				GCC_WARN_UNUSED_FUNCTION = YES;
				GCC_WARN_UNUSED_VARIABLE = YES;
				IPHONEOS_DEPLOYMENT_TARGET = 14.5;
				MTL_ENABLE_DEBUG_INFO = NO;
				MTL_FAST_MATH = YES;
				SDKROOT = iphoneos;
				SWIFT_COMPILATION_MODE = wholemodule;
				SWIFT_OPTIMIZATION_LEVEL = "-O";
				VALIDATE_PRODUCT = YES;
			};
			name = Release;
		};
		E3E6B142265784C300CB39CC /* Debug */ = {
			isa = XCBuildConfiguration;
			baseConfigurationReference = 0156BB6C4EFC1473B20A4709 /* Pods-Cowin.debug.xcconfig */;
			buildSettings = {
				ASSETCATALOG_COMPILER_APPICON_NAME = AppIcon;
				ASSETCATALOG_COMPILER_GLOBAL_ACCENT_COLOR_NAME = AccentColor;
				CODE_SIGN_STYLE = Automatic;
				DEVELOPMENT_TEAM = 54HSWPSU32;
				INFOPLIST_FILE = Cowin/Utilities/Info.plist;
				IPHONEOS_DEPLOYMENT_TARGET = 13.2;
				LD_RUNPATH_SEARCH_PATHS = (
					"$(inherited)",
					"@executable_path/Frameworks",
				);
				PRODUCT_BUNDLE_IDENTIFIER = com.ios.cowinapp;
				PRODUCT_NAME = "$(TARGET_NAME)";
				SWIFT_VERSION = 5.0;
				TARGETED_DEVICE_FAMILY = "1,2";
			};
			name = Debug;
		};
		E3E6B143265784C300CB39CC /* Release */ = {
			isa = XCBuildConfiguration;
			baseConfigurationReference = BBBAA42F9241AD97FF5ABFFB /* Pods-Cowin.release.xcconfig */;
			buildSettings = {
				ASSETCATALOG_COMPILER_APPICON_NAME = AppIcon;
				ASSETCATALOG_COMPILER_GLOBAL_ACCENT_COLOR_NAME = AccentColor;
				CODE_SIGN_STYLE = Automatic;
				DEVELOPMENT_TEAM = 54HSWPSU32;
				INFOPLIST_FILE = Cowin/Utilities/Info.plist;
				IPHONEOS_DEPLOYMENT_TARGET = 13.2;
				LD_RUNPATH_SEARCH_PATHS = (
					"$(inherited)",
					"@executable_path/Frameworks",
				);
				PRODUCT_BUNDLE_IDENTIFIER = com.ios.cowinapp;
				PRODUCT_NAME = "$(TARGET_NAME)";
				SWIFT_VERSION = 5.0;
				TARGETED_DEVICE_FAMILY = "1,2";
			};
			name = Release;
		};
		E3E6B145265784C300CB39CC /* Debug */ = {
			isa = XCBuildConfiguration;
			buildSettings = {
				ALWAYS_EMBED_SWIFT_STANDARD_LIBRARIES = YES;
				BUNDLE_LOADER = "$(TEST_HOST)";
				CODE_SIGN_STYLE = Automatic;
				DEVELOPMENT_TEAM = 45325HKZCH;
				INFOPLIST_FILE = CowinTests/Info.plist;
				IPHONEOS_DEPLOYMENT_TARGET = 14.5;
				LD_RUNPATH_SEARCH_PATHS = (
					"$(inherited)",
					"@executable_path/Frameworks",
					"@loader_path/Frameworks",
				);
				PRODUCT_BUNDLE_IDENTIFIER = Cowin.CowinTests;
				PRODUCT_NAME = "$(TARGET_NAME)";
				SWIFT_VERSION = 5.0;
				TARGETED_DEVICE_FAMILY = "1,2";
				TEST_HOST = "$(BUILT_PRODUCTS_DIR)/Cowin.app/Cowin";
			};
			name = Debug;
		};
		E3E6B146265784C300CB39CC /* Release */ = {
			isa = XCBuildConfiguration;
			buildSettings = {
				ALWAYS_EMBED_SWIFT_STANDARD_LIBRARIES = YES;
				BUNDLE_LOADER = "$(TEST_HOST)";
				CODE_SIGN_STYLE = Automatic;
				DEVELOPMENT_TEAM = 45325HKZCH;
				INFOPLIST_FILE = CowinTests/Info.plist;
				IPHONEOS_DEPLOYMENT_TARGET = 14.5;
				LD_RUNPATH_SEARCH_PATHS = (
					"$(inherited)",
					"@executable_path/Frameworks",
					"@loader_path/Frameworks",
				);
				PRODUCT_BUNDLE_IDENTIFIER = Cowin.CowinTests;
				PRODUCT_NAME = "$(TARGET_NAME)";
				SWIFT_VERSION = 5.0;
				TARGETED_DEVICE_FAMILY = "1,2";
				TEST_HOST = "$(BUILT_PRODUCTS_DIR)/Cowin.app/Cowin";
			};
			name = Release;
		};
		E3E6B148265784C300CB39CC /* Debug */ = {
			isa = XCBuildConfiguration;
			buildSettings = {
				ALWAYS_EMBED_SWIFT_STANDARD_LIBRARIES = YES;
				CODE_SIGN_STYLE = Automatic;
				DEVELOPMENT_TEAM = 45325HKZCH;
				INFOPLIST_FILE = CowinUITests/Info.plist;
				LD_RUNPATH_SEARCH_PATHS = (
					"$(inherited)",
					"@executable_path/Frameworks",
					"@loader_path/Frameworks",
				);
				PRODUCT_BUNDLE_IDENTIFIER = Cowin.CowinUITests;
				PRODUCT_NAME = "$(TARGET_NAME)";
				SWIFT_VERSION = 5.0;
				TARGETED_DEVICE_FAMILY = "1,2";
				TEST_TARGET_NAME = Cowin;
			};
			name = Debug;
		};
		E3E6B149265784C300CB39CC /* Release */ = {
			isa = XCBuildConfiguration;
			buildSettings = {
				ALWAYS_EMBED_SWIFT_STANDARD_LIBRARIES = YES;
				CODE_SIGN_STYLE = Automatic;
				DEVELOPMENT_TEAM = 45325HKZCH;
				INFOPLIST_FILE = CowinUITests/Info.plist;
				LD_RUNPATH_SEARCH_PATHS = (
					"$(inherited)",
					"@executable_path/Frameworks",
					"@loader_path/Frameworks",
				);
				PRODUCT_BUNDLE_IDENTIFIER = Cowin.CowinUITests;
				PRODUCT_NAME = "$(TARGET_NAME)";
				SWIFT_VERSION = 5.0;
				TARGETED_DEVICE_FAMILY = "1,2";
				TEST_TARGET_NAME = Cowin;
			};
			name = Release;
		};
/* End XCBuildConfiguration section */

/* Begin XCConfigurationList section */
		E3E6B10F265784C000CB39CC /* Build configuration list for PBXProject "Cowin" */ = {
			isa = XCConfigurationList;
			buildConfigurations = (
				E3E6B13F265784C300CB39CC /* Debug */,
				E3E6B140265784C300CB39CC /* Release */,
			);
			defaultConfigurationIsVisible = 0;
			defaultConfigurationName = Release;
		};
		E3E6B141265784C300CB39CC /* Build configuration list for PBXNativeTarget "Cowin" */ = {
			isa = XCConfigurationList;
			buildConfigurations = (
				E3E6B142265784C300CB39CC /* Debug */,
				E3E6B143265784C300CB39CC /* Release */,
			);
			defaultConfigurationIsVisible = 0;
			defaultConfigurationName = Release;
		};
		E3E6B144265784C300CB39CC /* Build configuration list for PBXNativeTarget "CowinTests" */ = {
			isa = XCConfigurationList;
			buildConfigurations = (
				E3E6B145265784C300CB39CC /* Debug */,
				E3E6B146265784C300CB39CC /* Release */,
			);
			defaultConfigurationIsVisible = 0;
			defaultConfigurationName = Release;
		};
		E3E6B147265784C300CB39CC /* Build configuration list for PBXNativeTarget "CowinUITests" */ = {
			isa = XCConfigurationList;
			buildConfigurations = (
				E3E6B148265784C300CB39CC /* Debug */,
				E3E6B149265784C300CB39CC /* Release */,
			);
			defaultConfigurationIsVisible = 0;
			defaultConfigurationName = Release;
		};
/* End XCConfigurationList section */

/* Begin XCVersionGroup section */
		E3E6B120265784C000CB39CC /* Cowin.xcdatamodeld */ = {
			isa = XCVersionGroup;
			children = (
				E3E6B121265784C000CB39CC /* Cowin.xcdatamodel */,
			);
			currentVersion = E3E6B121265784C000CB39CC /* Cowin.xcdatamodel */;
			path = Cowin.xcdatamodeld;
			sourceTree = "<group>";
			versionGroupType = wrapper.xcdatamodel;
		};
/* End XCVersionGroup section */
	};
	rootObject = E3E6B10C265784C000CB39CC /* Project object */;
}
