PODS:
  - CHIPageControl (0.2):
    - CHIPageControl/Aji (= 0.2)
    - CHIPageControl/Aleppo (= 0.2)
    - CHIPageControl/Chimayo (= 0.2)
    - CHIPageControl/Fresno (= 0.2)
    - CHIPageControl/Jalapeno (= 0.2)
    - CHIPageControl/Jaloro (= 0.2)
    - CHIPageControl/Paprika (= 0.2)
    - CHIPageControl/Puya (= 0.2)
  - CHIPageControl/Aji (0.2)
  - CHIPageControl/Aleppo (0.2)
  - CHIPageControl/Chimayo (0.2)
  - CHIPageControl/Fresno (0.2)
  - CHIPageControl/Jalapeno (0.2)
  - CHIPageControl/Jaloro (0.2)
  - CHIPageControl/Paprika (0.2)
  - CHIPageControl/Puya (0.2)
  - CWNetworkSDK (1.0.0)
  - HelperKit (1.0.0)
  - Hero (1.6.1)

DEPENDENCIES:
  - CHIPageControl
  - CWNetworkSDK (from `SDKS/`)
  - HelperKit (from `/Users/basheer-zutk107/HelperKit-iOS/`)
  - Hero

SPEC REPOS:
  trunk:
    - CHIPageControl
    - Hero

EXTERNAL SOURCES:
  CWNetworkSDK:
    :path: SDKS/
  HelperKit:
    :path: "/Users/basheer-zutk107/HelperKit-iOS/"

SPEC CHECKSUMS:
  CHIPageControl: a787bf7205c9b7e7fbfc412be36c5e8636b68f86
  CWNetworkSDK: f5790d24f523b8b99587e11d75fb86a9b3b87d90
  HelperKit: c17a7070edea2ce89f40abc9fc71602797103f3f
  Hero: 215865ba3ae41dd9bb08cd6c60a645529c6fc94b

PODFILE CHECKSUM: e46fe17e9215495009a6ebd8baec3512ee5297b4

COCOAPODS: 1.10.1
