PODS:
  - CHIPageControl (0.2):
    - CHIPageControl/Aji (= 0.2)
    - CHIPageControl/Aleppo (= 0.2)
    - CHIPageControl/Chimayo (= 0.2)
    - CHIPageControl/Fresno (= 0.2)
    - CHIPageControl/Jalapeno (= 0.2)
    - CHIPageControl/Jaloro (= 0.2)
    - CHIPageControl/Paprika (= 0.2)
    - CHIPageControl/Puya (= 0.2)
  - CHIPageControl/Aji (0.2)
  - CHIPageControl/Aleppo (0.2)
  - CHIPageControl/Chimayo (0.2)
  - CHIPageControl/Fresno (0.2)
  - CHIPageControl/Jalapeno (0.2)
  - CHIPageControl/Jaloro (0.2)
  - CHIPageControl/Paprika (0.2)
  - CHIPageControl/Puya (0.2)
  - CWNetworkSDK (1.0.0)
  - HelperKit (1.0.0)
  - Hero (1.6.1)

DEPENDENCIES:
  - CHIPageControl
  - CWNetworkSDK (from `SDKS/`)
  - HelperKit (from `https://github.com/MobileUtils/HelperKit-iOS`)
  - Hero

SPEC REPOS:
  trunk:
    - CHIPageControl
    - Hero

EXTERNAL SOURCES:
  CWNetworkSDK:
    :path: SDKS/
  HelperKit:
    :git: https://github.com/MobileUtils/HelperKit-iOS

CHECKOUT OPTIONS:
  HelperKit:
    :commit: 730cb4ee8f221ce4e16dfee46e8cee95b3b4d0d4
    :git: https://github.com/MobileUtils/HelperKit-iOS

SPEC CHECKSUMS:
  CHIPageControl: a787bf7205c9b7e7fbfc412be36c5e8636b68f86
  CWNetworkSDK: f5790d24f523b8b99587e11d75fb86a9b3b87d90
  HelperKit: ec57ab3dbf3e1465bccf5b0fa74e1c630f02a637
  Hero: 215865ba3ae41dd9bb08cd6c60a645529c6fc94b

PODFILE CHECKSUM: ac239e522cb926c20a2811de1a4b6a1d1f44d1d3

COCOAPODS: 1.10.1
