PODS:
  - CWNetworkSDK (1.0.0)
  - Hero (1.6.1)

DEPENDENCIES:
  - CWNetworkSDK (from `SDKS/`)
  - Hero

SPEC REPOS:
  trunk:
    - Hero

EXTERNAL SOURCES:
  CWNetworkSDK:
    :path: SDKS/

SPEC CHECKSUMS:
  CWNetworkSDK: f5790d24f523b8b99587e11d75fb86a9b3b87d90
  Hero: 215865ba3ae41dd9bb08cd6c60a645529c6fc94b

PODFILE CHECKSUM: c45fd18bfb9b6f672f8f47b3fca8521f15848e74

COCOAPODS: 1.10.1
